// !$*UTF8*$!
{
	archiveVersion = 1;
	classes = {
	};
	objectVersion = 46;
	objects = {

/* Begin PBXBuildFile section */
		E9045E8119B636EB00292DA0 /* CheYouTieTaoViewController.m in Sources */ = {isa = PBXBuildFile; fileRef = E9045E8019B636EB00292DA0 /* CheYouTieTaoViewController.m */; };
		E911674019BB107D007EA117 /* MJRefresh.bundle in Resources */ = {isa = PBXBuildFile; fileRef = E911673019BB107D007EA117 /* MJRefresh.bundle */; };
		E911674119BB107D007EA117 /* MJRefreshBaseView.m in Sources */ = {isa = PBXBuildFile; fileRef = E911673319BB107D007EA117 /* MJRefreshBaseView.m */; };
		E911674219BB107D007EA117 /* MJRefreshConst.m in Sources */ = {isa = PBXBuildFile; fileRef = E911673519BB107D007EA117 /* MJRefreshConst.m */; };
		E911674319BB107D007EA117 /* MJRefreshFooterView.m in Sources */ = {isa = PBXBuildFile; fileRef = E911673719BB107D007EA117 /* MJRefreshFooterView.m */; };
		E911674419BB107D007EA117 /* MJRefreshHeaderView.m in Sources */ = {isa = PBXBuildFile; fileRef = E911673919BB107D007EA117 /* MJRefreshHeaderView.m */; };
		E911674519BB107D007EA117 /* UIScrollView+MJExtension.m in Sources */ = {isa = PBXBuildFile; fileRef = E911673B19BB107D007EA117 /* UIScrollView+MJExtension.m */; };
		E911674619BB107D007EA117 /* UIScrollView+MJRefresh.m in Sources */ = {isa = PBXBuildFile; fileRef = E911673D19BB107D007EA117 /* UIScrollView+MJRefresh.m */; };
		E911674719BB107D007EA117 /* UIView+MJExtension.m in Sources */ = {isa = PBXBuildFile; fileRef = E911673F19BB107D007EA117 /* UIView+MJExtension.m */; };
		E92C577619D46AF200B144F0 /* UpYun.m in Sources */ = {isa = PBXBuildFile; fileRef = E92C577019D46AF200B144F0 /* UpYun.m */; };
		E92C577719D46AF200B144F0 /* NSData+Utils.m in Sources */ = {isa = PBXBuildFile; fileRef = E92C577519D46AF200B144F0 /* NSData+Utils.m */; };
		E92C577919D46C8800B144F0 /* libPods.a in Frameworks */ = {isa = PBXBuildFile; fileRef = E92C577819D46C8800B144F0 /* libPods.a */; };
		E93648D619AF336300CE5542 /* TuCao.m in Sources */ = {isa = PBXBuildFile; fileRef = E93648D519AF336300CE5542 /* TuCao.m */; };
		E93648DA19AF6C6100CE5542 /* CheYouTuCaoTableViewCell.m in Sources */ = {isa = PBXBuildFile; fileRef = E93648D919AF6C6100CE5542 /* CheYouTuCaoTableViewCell.m */; };
		E93661D31A5E52BD00004F81 /* CheYouXieyiViewController.m in Sources */ = {isa = PBXBuildFile; fileRef = E93661D21A5E52BD00004F81 /* CheYouXieyiViewController.m */; };
		E9375F3F19D31B8A00053F0B /* libCCPRestSDK.a in Frameworks */ = {isa = PBXBuildFile; fileRef = E9375F3D19D31B8A00053F0B /* libCCPRestSDK.a */; };
		E9375F4119D31D2400053F0B /* libz.1.2.5.dylib in Frameworks */ = {isa = PBXBuildFile; fileRef = E9375F4019D31D2400053F0B /* libz.1.2.5.dylib */; };
		E9375F4319D31D3600053F0B /* SystemConfiguration.framework in Frameworks */ = {isa = PBXBuildFile; fileRef = E9375F4219D31D3600053F0B /* SystemConfiguration.framework */; };
		E93AD96319B2CCBB0081259E /* QuartzCore.framework in Frameworks */ = {isa = PBXBuildFile; fileRef = E93AD96219B2CCBB0081259E /* QuartzCore.framework */; };
		E94BCC7419F0B292008F66D3 /* libMobClickLibrary.a in Frameworks */ = {isa = PBXBuildFile; fileRef = E94BCC7219F0B292008F66D3 /* libMobClickLibrary.a */; };
		E94BCC7619F0B2BB008F66D3 /* libz.dylib in Frameworks */ = {isa = PBXBuildFile; fileRef = E94BCC7519F0B2BB008F66D3 /* libz.dylib */; };
		E94FC05419B0E60100392F33 /* CheYouFaXianViewController.m in Sources */ = {isa = PBXBuildFile; fileRef = E94FC05319B0E60100392F33 /* CheYouFaXianViewController.m */; };
		E9521CF619DA6DE30058F36D /* PingLun.m in Sources */ = {isa = PBXBuildFile; fileRef = E9521CF519DA6DE30058F36D /* PingLun.m */; };
		E953C5D919CC2DC100C0510F /* CheYouLoginViewController.m in Sources */ = {isa = PBXBuildFile; fileRef = E953C5D819CC2DC100C0510F /* CheYouLoginViewController.m */; };
		E953C5DC19CC43A900C0510F /* CheYouLoginCheckViewController.m in Sources */ = {isa = PBXBuildFile; fileRef = E953C5DB19CC43A900C0510F /* CheYouLoginCheckViewController.m */; };
		E95488D919E133E700CEAA12 /* Podfile in Resources */ = {isa = PBXBuildFile; fileRef = E95488D819E133E700CEAA12 /* Podfile */; };
		E95FDFF919C6AE3B007585AF /* CheYouPbCommentViewController.m in Sources */ = {isa = PBXBuildFile; fileRef = E95FDFF819C6AE3B007585AF /* CheYouPbCommentViewController.m */; };
		E9617A0719B7F95F000543D2 /* CAKeyframeAnimation+AHEasing.m in Sources */ = {isa = PBXBuildFile; fileRef = E9617A0419B7F95F000543D2 /* CAKeyframeAnimation+AHEasing.m */; };
		E9617A0819B7F95F000543D2 /* easing.c in Sources */ = {isa = PBXBuildFile; fileRef = E9617A0519B7F95F000543D2 /* easing.c */; };
		E9617A3919B7FAAC000543D2 /* UIImage+UzysExtension.m in Sources */ = {isa = PBXBuildFile; fileRef = E9617A2719B7FAAC000543D2 /* UIImage+UzysExtension.m */; };
		E9617A3A19B7FAAC000543D2 /* UzysAppearanceConfig.m in Sources */ = {isa = PBXBuildFile; fileRef = E9617A2919B7FAAC000543D2 /* UzysAppearanceConfig.m */; };
		E9617A3B19B7FAAC000543D2 /* UzysAssetPickerController.bundle in Resources */ = {isa = PBXBuildFile; fileRef = E9617A2A19B7FAAC000543D2 /* UzysAssetPickerController.bundle */; };
		E9617A3C19B7FAAC000543D2 /* UzysAssetsPickerController.m in Sources */ = {isa = PBXBuildFile; fileRef = E9617A2D19B7FAAC000543D2 /* UzysAssetsPickerController.m */; };
		E9617A3D19B7FAAC000543D2 /* UzysAssetsPickerController.xib in Resources */ = {isa = PBXBuildFile; fileRef = E9617A2E19B7FAAC000543D2 /* UzysAssetsPickerController.xib */; };
		E9617A3E19B7FAAC000543D2 /* UzysAssetsViewCell.m in Sources */ = {isa = PBXBuildFile; fileRef = E9617A3019B7FAAC000543D2 /* UzysAssetsViewCell.m */; };
		E9617A3F19B7FAAC000543D2 /* UzysGroupPickerView.m in Sources */ = {isa = PBXBuildFile; fileRef = E9617A3219B7FAAC000543D2 /* UzysGroupPickerView.m */; };
		E9617A4019B7FAAC000543D2 /* UzysGroupPickerViewController.m in Sources */ = {isa = PBXBuildFile; fileRef = E9617A3419B7FAAC000543D2 /* UzysGroupPickerViewController.m */; };
		E9617A4119B7FAAC000543D2 /* UzysGroupViewCell.m in Sources */ = {isa = PBXBuildFile; fileRef = E9617A3619B7FAAC000543D2 /* UzysGroupViewCell.m */; };
		E9617A4219B7FAAC000543D2 /* UzysWrapperPickerController.m in Sources */ = {isa = PBXBuildFile; fileRef = E9617A3819B7FAAC000543D2 /* UzysWrapperPickerController.m */; };
		E9617A7A19B81740000543D2 /* MBProgressHUD+Add.m in Sources */ = {isa = PBXBuildFile; fileRef = E9617A4619B81740000543D2 /* MBProgressHUD+Add.m */; };
		E9617A7B19B81740000543D2 /* MBProgressHUD.bundle in Resources */ = {isa = PBXBuildFile; fileRef = E9617A4719B81740000543D2 /* MBProgressHUD.bundle */; };
		E9617A7C19B81740000543D2 /* MBProgressHUD.m in Sources */ = {isa = PBXBuildFile; fileRef = E9617A4919B81740000543D2 /* MBProgressHUD.m */; };
		E9617A7D19B81740000543D2 /* MJPhoto.m in Sources */ = {isa = PBXBuildFile; fileRef = E9617A4C19B81740000543D2 /* MJPhoto.m */; };
		E9617A7E19B81740000543D2 /* MJPhotoBrowser.bundle in Resources */ = {isa = PBXBuildFile; fileRef = E9617A4D19B81740000543D2 /* MJPhotoBrowser.bundle */; };
		E9617A7F19B81740000543D2 /* MJPhotoBrowser.m in Sources */ = {isa = PBXBuildFile; fileRef = E9617A4F19B81740000543D2 /* MJPhotoBrowser.m */; };
		E9617A8019B81740000543D2 /* MJPhotoLoadingView.m in Sources */ = {isa = PBXBuildFile; fileRef = E9617A5119B81740000543D2 /* MJPhotoLoadingView.m */; };
		E9617A8119B81740000543D2 /* MJPhotoProgressView.m in Sources */ = {isa = PBXBuildFile; fileRef = E9617A5319B81740000543D2 /* MJPhotoProgressView.m */; };
		E9617A8219B81740000543D2 /* MJPhotoToolbar.m in Sources */ = {isa = PBXBuildFile; fileRef = E9617A5519B81740000543D2 /* MJPhotoToolbar.m */; };
		E9617A8319B81740000543D2 /* MJPhotoView.m in Sources */ = {isa = PBXBuildFile; fileRef = E9617A5719B81740000543D2 /* MJPhotoView.m */; };
		E9617A8419B81740000543D2 /* MKAnnotationView+WebCache.m in Sources */ = {isa = PBXBuildFile; fileRef = E9617A5A19B81740000543D2 /* MKAnnotationView+WebCache.m */; };
		E9617A8519B81740000543D2 /* NSData+GIF.m in Sources */ = {isa = PBXBuildFile; fileRef = E9617A5C19B81740000543D2 /* NSData+GIF.m */; };
		E9617A8619B81740000543D2 /* SDImageCache.m in Sources */ = {isa = PBXBuildFile; fileRef = E9617A5E19B81740000543D2 /* SDImageCache.m */; };
		E9617A8719B81740000543D2 /* SDWebImageCompat.m in Sources */ = {isa = PBXBuildFile; fileRef = E9617A6019B81740000543D2 /* SDWebImageCompat.m */; };
		E9617A8819B81740000543D2 /* SDWebImageDecoder.m in Sources */ = {isa = PBXBuildFile; fileRef = E9617A6219B81740000543D2 /* SDWebImageDecoder.m */; };
		E9617A8919B81740000543D2 /* SDWebImageDownloader.m in Sources */ = {isa = PBXBuildFile; fileRef = E9617A6419B81740000543D2 /* SDWebImageDownloader.m */; };
		E9617A8A19B81740000543D2 /* SDWebImageDownloaderOperation.m in Sources */ = {isa = PBXBuildFile; fileRef = E9617A6619B81740000543D2 /* SDWebImageDownloaderOperation.m */; };
		E9617A8B19B81740000543D2 /* SDWebImageManager+MJ.m in Sources */ = {isa = PBXBuildFile; fileRef = E9617A6819B81740000543D2 /* SDWebImageManager+MJ.m */; };
		E9617A8C19B81740000543D2 /* SDWebImageManager.m in Sources */ = {isa = PBXBuildFile; fileRef = E9617A6A19B81740000543D2 /* SDWebImageManager.m */; };
		E9617A8D19B81740000543D2 /* SDWebImagePrefetcher.m in Sources */ = {isa = PBXBuildFile; fileRef = E9617A6D19B81740000543D2 /* SDWebImagePrefetcher.m */; };
		E9617A8E19B81740000543D2 /* UIButton+WebCache.m in Sources */ = {isa = PBXBuildFile; fileRef = E9617A6F19B81740000543D2 /* UIButton+WebCache.m */; };
		E9617A8F19B81740000543D2 /* UIImage+GIF.m in Sources */ = {isa = PBXBuildFile; fileRef = E9617A7119B81740000543D2 /* UIImage+GIF.m */; };
		E9617A9019B81740000543D2 /* UIImage+MultiFormat.m in Sources */ = {isa = PBXBuildFile; fileRef = E9617A7319B81740000543D2 /* UIImage+MultiFormat.m */; };
		E9617A9119B81740000543D2 /* UIImage+WebP.m in Sources */ = {isa = PBXBuildFile; fileRef = E9617A7519B81740000543D2 /* UIImage+WebP.m */; };
		E9617A9219B81740000543D2 /* UIImageView+MJWebCache.m in Sources */ = {isa = PBXBuildFile; fileRef = E9617A7719B81740000543D2 /* UIImageView+MJWebCache.m */; };
		E9617A9319B81740000543D2 /* UIImageView+WebCache.m in Sources */ = {isa = PBXBuildFile; fileRef = E9617A7919B81740000543D2 /* UIImageView+WebCache.m */; };
		E964151119B55D8900FD2A08 /* CheYouDucheViewController.m in Sources */ = {isa = PBXBuildFile; fileRef = E964151019B55D8900FD2A08 /* CheYouDucheViewController.m */; };
		E968E28319ADA16200E2824E /* LuJieCommon.m in Sources */ = {isa = PBXBuildFile; fileRef = E968E28219ADA16200E2824E /* LuJieCommon.m */; };
		E96AD82B19EEC0F200D62E50 /* PickerItem.m in Sources */ = {isa = PBXBuildFile; fileRef = E96AD82A19EEC0F200D62E50 /* PickerItem.m */; };
		E976FBB619C9BF320019646A /* VPImageCropperViewController.m in Sources */ = {isa = PBXBuildFile; fileRef = E976FBB519C9BF320019646A /* VPImageCropperViewController.m */; };
		E978F86119C91B8500436F09 /* CheYouSetViewController.m in Sources */ = {isa = PBXBuildFile; fileRef = E978F86019C91B8500436F09 /* CheYouSetViewController.m */; };
		E978F86419C92E2F00436F09 /* CheYouGeRenViewController.m in Sources */ = {isa = PBXBuildFile; fileRef = E978F86319C92E2F00436F09 /* CheYouGeRenViewController.m */; };
		E97B2F2719CD094300D902C0 /* ICETutorialController_iPhone.xib in Resources */ = {isa = PBXBuildFile; fileRef = E97B2F2619CD094300D902C0 /* ICETutorialController_iPhone.xib */; };
		E97B2F2A19CD188F00D902C0 /* CheYouRegisterViewController.m in Sources */ = {isa = PBXBuildFile; fileRef = E97B2F2919CD188F00D902C0 /* CheYouRegisterViewController.m */; };
		E97B2F2D19CD1D3E00D902C0 /* CheYouSetPwdViewController.m in Sources */ = {isa = PBXBuildFile; fileRef = E97B2F2C19CD1D3E00D902C0 /* CheYouSetPwdViewController.m */; };
		E97B2F3019CD21C500D902C0 /* CheYouSetInfoViewController.m in Sources */ = {isa = PBXBuildFile; fileRef = E97B2F2F19CD21C500D902C0 /* CheYouSetInfoViewController.m */; };
		E97B2F3219CD721900D902C0 /* area.plist in Resources */ = {isa = PBXBuildFile; fileRef = E97B2F3119CD721900D902C0 /* area.plist */; };
		E97B4A1F19C7E317009B5E36 /* CheYouDianzanViewCell.m in Sources */ = {isa = PBXBuildFile; fileRef = E97B4A1E19C7E317009B5E36 /* CheYouDianzanViewCell.m */; };
		E97C562A19C53522003AB1B9 /* CheYouCommentTopViewCell.m in Sources */ = {isa = PBXBuildFile; fileRef = E97C562919C53522003AB1B9 /* CheYouCommentTopViewCell.m */; };
		E981F9D219AC323F007BD2DE /* Foundation.framework in Frameworks */ = {isa = PBXBuildFile; fileRef = E981F9D119AC323F007BD2DE /* Foundation.framework */; };
		E981F9D419AC323F007BD2DE /* CoreGraphics.framework in Frameworks */ = {isa = PBXBuildFile; fileRef = E981F9D319AC323F007BD2DE /* CoreGraphics.framework */; };
		E981F9D619AC323F007BD2DE /* UIKit.framework in Frameworks */ = {isa = PBXBuildFile; fileRef = E981F9D519AC323F007BD2DE /* UIKit.framework */; };
		E981F9DC19AC323F007BD2DE /* InfoPlist.strings in Resources */ = {isa = PBXBuildFile; fileRef = E981F9DA19AC323F007BD2DE /* InfoPlist.strings */; };
		E981F9DE19AC323F007BD2DE /* main.m in Sources */ = {isa = PBXBuildFile; fileRef = E981F9DD19AC323F007BD2DE /* main.m */; };
		E981F9E219AC323F007BD2DE /* CheYouAppDelegate.m in Sources */ = {isa = PBXBuildFile; fileRef = E981F9E119AC323F007BD2DE /* CheYouAppDelegate.m */; };
		E981F9E519AC323F007BD2DE /* Main.storyboard in Resources */ = {isa = PBXBuildFile; fileRef = E981F9E319AC323F007BD2DE /* Main.storyboard */; };
		E981F9E819AC323F007BD2DE /* CheYouViewController.m in Sources */ = {isa = PBXBuildFile; fileRef = E981F9E719AC323F007BD2DE /* CheYouViewController.m */; };
		E981F9EA19AC323F007BD2DE /* Images.xcassets in Resources */ = {isa = PBXBuildFile; fileRef = E981F9E919AC323F007BD2DE /* Images.xcassets */; };
		E981F9F219AC323F007BD2DE /* Foundation.framework in Frameworks */ = {isa = PBXBuildFile; fileRef = E981F9D119AC323F007BD2DE /* Foundation.framework */; };
		E981F9F319AC323F007BD2DE /* UIKit.framework in Frameworks */ = {isa = PBXBuildFile; fileRef = E981F9D519AC323F007BD2DE /* UIKit.framework */; };
		E981F9FB19AC323F007BD2DE /* InfoPlist.strings in Resources */ = {isa = PBXBuildFile; fileRef = E981F9F919AC323F007BD2DE /* InfoPlist.strings */; };
		E981F9FD19AC323F007BD2DE /* CheYouTests.m in Sources */ = {isa = PBXBuildFile; fileRef = E981F9FC19AC323F007BD2DE /* CheYouTests.m */; };
		E982164C19B9A07000F088BB /* PRButton.m in Sources */ = {isa = PBXBuildFile; fileRef = E982164B19B9A07000F088BB /* PRButton.m */; };
		E99BBA9F19C0374200AF4C1B /* CheYouCommentViewController.m in Sources */ = {isa = PBXBuildFile; fileRef = E99BBA9E19C0374200AF4C1B /* CheYouCommentViewController.m */; };
		E99BBAA419C18BBA00AF4C1B /* CheYouCommentViewCell.m in Sources */ = {isa = PBXBuildFile; fileRef = E99BBAA319C18BBA00AF4C1B /* CheYouCommentViewCell.m */; };
		E99EE50C19BEE506004CBABA /* CheYouUserViewController.m in Sources */ = {isa = PBXBuildFile; fileRef = E99EE50B19BEE506004CBABA /* CheYouUserViewController.m */; };
		E9B49D2C19CAC4B700F6F562 /* ICETutorialPage.m in Sources */ = {isa = PBXBuildFile; fileRef = E9B49D2819CAC4B700F6F562 /* ICETutorialPage.m */; };
		E9B49D2D19CAC4B700F6F562 /* ICETutorialController.m in Sources */ = {isa = PBXBuildFile; fileRef = E9B49D2A19CAC4B700F6F562 /* ICETutorialController.m */; };
		E9B49D3319CAC4D400F6F562 /* tutorial_background_00@2x.jpg in Resources */ = {isa = PBXBuildFile; fileRef = E9B49D2E19CAC4D400F6F562 /* tutorial_background_00@2x.jpg */; };
		E9B49D3419CAC4D400F6F562 /* tutorial_background_01@2x.jpg in Resources */ = {isa = PBXBuildFile; fileRef = E9B49D2F19CAC4D400F6F562 /* tutorial_background_01@2x.jpg */; };
		E9B49D3519CAC4D400F6F562 /* tutorial_background_02@2x.jpg in Resources */ = {isa = PBXBuildFile; fileRef = E9B49D3019CAC4D400F6F562 /* tutorial_background_02@2x.jpg */; };
		E9B49D3619CAC4D400F6F562 /* tutorial_background_03@2x.jpg in Resources */ = {isa = PBXBuildFile; fileRef = E9B49D3119CAC4D400F6F562 /* tutorial_background_03@2x.jpg */; };
		E9B49D3719CAC4D400F6F562 /* tutorial_background_04@2x.jpg in Resources */ = {isa = PBXBuildFile; fileRef = E9B49D3219CAC4D400F6F562 /* tutorial_background_04@2x.jpg */; };
		E9B49D3C19CAC59E00F6F562 /* background-gradient.png in Resources */ = {isa = PBXBuildFile; fileRef = E9B49D3819CAC59E00F6F562 /* background-gradient.png */; };
		E9B49D3D19CAC59E00F6F562 /* background-gradient@2x.png in Resources */ = {isa = PBXBuildFile; fileRef = E9B49D3919CAC59E00F6F562 /* background-gradient@2x.png */; };
		E9B49D3E19CAC59E00F6F562 /* button-background.png in Resources */ = {isa = PBXBuildFile; fileRef = E9B49D3A19CAC59E00F6F562 /* button-background.png */; };
		E9B49D3F19CAC59E00F6F562 /* button-background@2x.png in Resources */ = {isa = PBXBuildFile; fileRef = E9B49D3B19CAC59E00F6F562 /* button-background@2x.png */; };
		E9BCBCC019EFFA7F00236A0E /* Icon@2x.png in Resources */ = {isa = PBXBuildFile; fileRef = E9BCBCB419EFFA7F00236A0E /* Icon@2x.png */; };
		E9BCBCC119EFFA7F00236A0E /* Icon.png in Resources */ = {isa = PBXBuildFile; fileRef = E9BCBCB519EFFA7F00236A0E /* Icon.png */; };
		E9BCBCC219EFFA7F00236A0E /* Icon-Small@2x.png in Resources */ = {isa = PBXBuildFile; fileRef = E9BCBCB619EFFA7F00236A0E /* Icon-Small@2x.png */; };
		E9BCBCC319EFFA7F00236A0E /* Icon-Small.png in Resources */ = {isa = PBXBuildFile; fileRef = E9BCBCB719EFFA7F00236A0E /* Icon-Small.png */; };
		E9BCBCC419EFFA7F00236A0E /* Icon-Small-50@2x.png in Resources */ = {isa = PBXBuildFile; fileRef = E9BCBCB819EFFA7F00236A0E /* Icon-Small-50@2x.png */; };
		E9BCBCC519EFFA7F00236A0E /* Icon-Small-50.png in Resources */ = {isa = PBXBuildFile; fileRef = E9BCBCB919EFFA7F00236A0E /* Icon-Small-50.png */; };
		E9BCBCC619EFFA7F00236A0E /* Icon-72@2x.png in Resources */ = {isa = PBXBuildFile; fileRef = E9BCBCBA19EFFA7F00236A0E /* Icon-72@2x.png */; };
		E9BCBCC719EFFA7F00236A0E /* Icon-72.png in Resources */ = {isa = PBXBuildFile; fileRef = E9BCBCBB19EFFA7F00236A0E /* Icon-72.png */; };
		E9BCBCC819EFFA7F00236A0E /* Icon-60@2x.png in Resources */ = {isa = PBXBuildFile; fileRef = E9BCBCBC19EFFA7F00236A0E /* Icon-60@2x.png */; };
		E9BCBCC919EFFA7F00236A0E /* Icon-60.png in Resources */ = {isa = PBXBuildFile; fileRef = E9BCBCBD19EFFA7F00236A0E /* Icon-60.png */; };
		E9BCBCCA19EFFA7F00236A0E /* iTunesArtwork@2x.png in Resources */ = {isa = PBXBuildFile; fileRef = E9BCBCBE19EFFA7F00236A0E /* iTunesArtwork@2x.png */; };
		E9BCBCCB19EFFA7F00236A0E /* iTunesArtwork.png in Resources */ = {isa = PBXBuildFile; fileRef = E9BCBCBF19EFFA7F00236A0E /* iTunesArtwork.png */; };
		E9BCBCCE19F00E4D00236A0E /* CheYouSuggestController.m in Sources */ = {isa = PBXBuildFile; fileRef = E9BCBCCD19F00E4D00236A0E /* CheYouSuggestController.m */; };
		E9BCBCD119F0164200236A0E /* CheYouAboutController.m in Sources */ = {isa = PBXBuildFile; fileRef = E9BCBCD019F0164200236A0E /* CheYouAboutController.m */; };
		E9ECC9B019B0983400C894E5 /* CheYouTabBarViewController.m in Sources */ = {isa = PBXBuildFile; fileRef = E9ECC9AE19B0983400C894E5 /* CheYouTabBarViewController.m */; };
		E9ECC9B419B0C0A400C894E5 /* CheYouPublishViewController.m in Sources */ = {isa = PBXBuildFile; fileRef = E9ECC9B319B0C0A400C894E5 /* CheYouPublishViewController.m */; };
		E9F9DC5719B708A000401C35 /* UIImageExt.m in Sources */ = {isa = PBXBuildFile; fileRef = E9F9DC5619B708A000401C35 /* UIImageExt.m */; };
/* End PBXBuildFile section */

/* Begin PBXContainerItemProxy section */
		E981F9F419AC323F007BD2DE /* PBXContainerItemProxy */ = {
			isa = PBXContainerItemProxy;
			containerPortal = E981F9C619AC323F007BD2DE /* Project object */;
			proxyType = 1;
			remoteGlobalIDString = E981F9CD19AC323F007BD2DE;
			remoteInfo = CheYou;
		};
/* End PBXContainerItemProxy section */

/* Begin PBXFileReference section */
		3D1D240AEA8F87D7242997B4 /* Pods.release.xcconfig */ = {isa = PBXFileReference; includeInIndex = 1; lastKnownFileType = text.xcconfig; name = Pods.release.xcconfig; path = "Pods/Target Support Files/Pods/Pods.release.xcconfig"; sourceTree = "<group>"; };
		B1B782DD7D212B245D6D6278 /* Pods.debug.xcconfig */ = {isa = PBXFileReference; includeInIndex = 1; lastKnownFileType = text.xcconfig; name = Pods.debug.xcconfig; path = "Pods/Target Support Files/Pods/Pods.debug.xcconfig"; sourceTree = "<group>"; };
		E9045E7F19B636EB00292DA0 /* CheYouTieTaoViewController.h */ = {isa = PBXFileReference; fileEncoding = 4; lastKnownFileType = sourcecode.c.h; path = CheYouTieTaoViewController.h; sourceTree = "<group>"; };
		E9045E8019B636EB00292DA0 /* CheYouTieTaoViewController.m */ = {isa = PBXFileReference; fileEncoding = 4; lastKnownFileType = sourcecode.c.objc; path = CheYouTieTaoViewController.m; sourceTree = "<group>"; };
		E911673019BB107D007EA117 /* MJRefresh.bundle */ = {isa = PBXFileReference; lastKnownFileType = "wrapper.plug-in"; path = MJRefresh.bundle; sourceTree = "<group>"; };
		E911673119BB107D007EA117 /* MJRefresh.h */ = {isa = PBXFileReference; fileEncoding = 4; lastKnownFileType = sourcecode.c.h; path = MJRefresh.h; sourceTree = "<group>"; };
		E911673219BB107D007EA117 /* MJRefreshBaseView.h */ = {isa = PBXFileReference; fileEncoding = 4; lastKnownFileType = sourcecode.c.h; path = MJRefreshBaseView.h; sourceTree = "<group>"; };
		E911673319BB107D007EA117 /* MJRefreshBaseView.m */ = {isa = PBXFileReference; fileEncoding = 4; lastKnownFileType = sourcecode.c.objc; path = MJRefreshBaseView.m; sourceTree = "<group>"; };
		E911673419BB107D007EA117 /* MJRefreshConst.h */ = {isa = PBXFileReference; fileEncoding = 4; lastKnownFileType = sourcecode.c.h; path = MJRefreshConst.h; sourceTree = "<group>"; };
		E911673519BB107D007EA117 /* MJRefreshConst.m */ = {isa = PBXFileReference; fileEncoding = 4; lastKnownFileType = sourcecode.c.objc; path = MJRefreshConst.m; sourceTree = "<group>"; };
		E911673619BB107D007EA117 /* MJRefreshFooterView.h */ = {isa = PBXFileReference; fileEncoding = 4; lastKnownFileType = sourcecode.c.h; path = MJRefreshFooterView.h; sourceTree = "<group>"; };
		E911673719BB107D007EA117 /* MJRefreshFooterView.m */ = {isa = PBXFileReference; fileEncoding = 4; lastKnownFileType = sourcecode.c.objc; path = MJRefreshFooterView.m; sourceTree = "<group>"; };
		E911673819BB107D007EA117 /* MJRefreshHeaderView.h */ = {isa = PBXFileReference; fileEncoding = 4; lastKnownFileType = sourcecode.c.h; path = MJRefreshHeaderView.h; sourceTree = "<group>"; };
		E911673919BB107D007EA117 /* MJRefreshHeaderView.m */ = {isa = PBXFileReference; fileEncoding = 4; lastKnownFileType = sourcecode.c.objc; path = MJRefreshHeaderView.m; sourceTree = "<group>"; };
		E911673A19BB107D007EA117 /* UIScrollView+MJExtension.h */ = {isa = PBXFileReference; fileEncoding = 4; lastKnownFileType = sourcecode.c.h; path = "UIScrollView+MJExtension.h"; sourceTree = "<group>"; };
		E911673B19BB107D007EA117 /* UIScrollView+MJExtension.m */ = {isa = PBXFileReference; fileEncoding = 4; lastKnownFileType = sourcecode.c.objc; path = "UIScrollView+MJExtension.m"; sourceTree = "<group>"; };
		E911673C19BB107D007EA117 /* UIScrollView+MJRefresh.h */ = {isa = PBXFileReference; fileEncoding = 4; lastKnownFileType = sourcecode.c.h; path = "UIScrollView+MJRefresh.h"; sourceTree = "<group>"; };
		E911673D19BB107D007EA117 /* UIScrollView+MJRefresh.m */ = {isa = PBXFileReference; fileEncoding = 4; lastKnownFileType = sourcecode.c.objc; path = "UIScrollView+MJRefresh.m"; sourceTree = "<group>"; };
		E911673E19BB107D007EA117 /* UIView+MJExtension.h */ = {isa = PBXFileReference; fileEncoding = 4; lastKnownFileType = sourcecode.c.h; path = "UIView+MJExtension.h"; sourceTree = "<group>"; };
		E911673F19BB107D007EA117 /* UIView+MJExtension.m */ = {isa = PBXFileReference; fileEncoding = 4; lastKnownFileType = sourcecode.c.objc; path = "UIView+MJExtension.m"; sourceTree = "<group>"; };
		E92C576F19D46AF200B144F0 /* UpYun.h */ = {isa = PBXFileReference; fileEncoding = 4; lastKnownFileType = sourcecode.c.h; path = UpYun.h; sourceTree = "<group>"; };
		E92C577019D46AF200B144F0 /* UpYun.m */ = {isa = PBXFileReference; fileEncoding = 4; lastKnownFileType = sourcecode.c.objc; path = UpYun.m; sourceTree = "<group>"; };
		E92C577119D46AF200B144F0 /* UpYunSDK2.0-Prefix.pch */ = {isa = PBXFileReference; fileEncoding = 4; lastKnownFileType = sourcecode.c.h; path = "UpYunSDK2.0-Prefix.pch"; sourceTree = "<group>"; };
		E92C577419D46AF200B144F0 /* NSData+Utils.h */ = {isa = PBXFileReference; fileEncoding = 4; lastKnownFileType = sourcecode.c.h; path = "NSData+Utils.h"; sourceTree = "<group>"; };
		E92C577519D46AF200B144F0 /* NSData+Utils.m */ = {isa = PBXFileReference; fileEncoding = 4; lastKnownFileType = sourcecode.c.objc; path = "NSData+Utils.m"; sourceTree = "<group>"; };
		E92C577819D46C8800B144F0 /* libPods.a */ = {isa = PBXFileReference; lastKnownFileType = archive.ar; name = libPods.a; path = "Pods/build/Debug-iphoneos/libPods.a"; sourceTree = "<group>"; };
		E93648D419AF336300CE5542 /* TuCao.h */ = {isa = PBXFileReference; fileEncoding = 4; lastKnownFileType = sourcecode.c.h; path = TuCao.h; sourceTree = "<group>"; };
		E93648D519AF336300CE5542 /* TuCao.m */ = {isa = PBXFileReference; fileEncoding = 4; lastKnownFileType = sourcecode.c.objc; path = TuCao.m; sourceTree = "<group>"; };
		E93648D819AF6C6100CE5542 /* CheYouTuCaoTableViewCell.h */ = {isa = PBXFileReference; fileEncoding = 4; lastKnownFileType = sourcecode.c.h; path = CheYouTuCaoTableViewCell.h; sourceTree = "<group>"; };
		E93648D919AF6C6100CE5542 /* CheYouTuCaoTableViewCell.m */ = {isa = PBXFileReference; fileEncoding = 4; lastKnownFileType = sourcecode.c.objc; path = CheYouTuCaoTableViewCell.m; sourceTree = "<group>"; };
		E93661D11A5E52BD00004F81 /* CheYouXieyiViewController.h */ = {isa = PBXFileReference; fileEncoding = 4; lastKnownFileType = sourcecode.c.h; path = CheYouXieyiViewController.h; sourceTree = "<group>"; };
		E93661D21A5E52BD00004F81 /* CheYouXieyiViewController.m */ = {isa = PBXFileReference; fileEncoding = 4; lastKnownFileType = sourcecode.c.objc; path = CheYouXieyiViewController.m; sourceTree = "<group>"; };
		E9375F3D19D31B8A00053F0B /* libCCPRestSDK.a */ = {isa = PBXFileReference; lastKnownFileType = archive.ar; path = libCCPRestSDK.a; sourceTree = "<group>"; };
		E9375F3E19D31B8A00053F0B /* CCPRestSDK.h */ = {isa = PBXFileReference; fileEncoding = 4; lastKnownFileType = sourcecode.c.h; path = CCPRestSDK.h; sourceTree = "<group>"; };
		E9375F4019D31D2400053F0B /* libz.1.2.5.dylib */ = {isa = PBXFileReference; lastKnownFileType = "compiled.mach-o.dylib"; name = libz.1.2.5.dylib; path = usr/lib/libz.1.2.5.dylib; sourceTree = SDKROOT; };
		E9375F4219D31D3600053F0B /* SystemConfiguration.framework */ = {isa = PBXFileReference; lastKnownFileType = wrapper.framework; name = SystemConfiguration.framework; path = System/Library/Frameworks/SystemConfiguration.framework; sourceTree = SDKROOT; };
		E93AD96219B2CCBB0081259E /* QuartzCore.framework */ = {isa = PBXFileReference; lastKnownFileType = wrapper.framework; name = QuartzCore.framework; path = System/Library/Frameworks/QuartzCore.framework; sourceTree = SDKROOT; };
		E94BCC7219F0B292008F66D3 /* libMobClickLibrary.a */ = {isa = PBXFileReference; lastKnownFileType = archive.ar; path = libMobClickLibrary.a; sourceTree = "<group>"; };
		E94BCC7319F0B292008F66D3 /* MobClick.h */ = {isa = PBXFileReference; fileEncoding = 4; lastKnownFileType = sourcecode.c.h; path = MobClick.h; sourceTree = "<group>"; };
		E94BCC7519F0B2BB008F66D3 /* libz.dylib */ = {isa = PBXFileReference; lastKnownFileType = "compiled.mach-o.dylib"; name = libz.dylib; path = usr/lib/libz.dylib; sourceTree = SDKROOT; };
		E94FC05219B0E60100392F33 /* CheYouFaXianViewController.h */ = {isa = PBXFileReference; fileEncoding = 4; lastKnownFileType = sourcecode.c.h; path = CheYouFaXianViewController.h; sourceTree = "<group>"; };
		E94FC05319B0E60100392F33 /* CheYouFaXianViewController.m */ = {isa = PBXFileReference; fileEncoding = 4; lastKnownFileType = sourcecode.c.objc; path = CheYouFaXianViewController.m; sourceTree = "<group>"; };
		E9521CF419DA6DE30058F36D /* PingLun.h */ = {isa = PBXFileReference; fileEncoding = 4; lastKnownFileType = sourcecode.c.h; path = PingLun.h; sourceTree = "<group>"; };
		E9521CF519DA6DE30058F36D /* PingLun.m */ = {isa = PBXFileReference; fileEncoding = 4; lastKnownFileType = sourcecode.c.objc; path = PingLun.m; sourceTree = "<group>"; };
		E953C5D719CC2DC100C0510F /* CheYouLoginViewController.h */ = {isa = PBXFileReference; fileEncoding = 4; lastKnownFileType = sourcecode.c.h; path = CheYouLoginViewController.h; sourceTree = "<group>"; };
		E953C5D819CC2DC100C0510F /* CheYouLoginViewController.m */ = {isa = PBXFileReference; fileEncoding = 4; lastKnownFileType = sourcecode.c.objc; path = CheYouLoginViewController.m; sourceTree = "<group>"; };
		E953C5DA19CC43A900C0510F /* CheYouLoginCheckViewController.h */ = {isa = PBXFileReference; fileEncoding = 4; lastKnownFileType = sourcecode.c.h; path = CheYouLoginCheckViewController.h; sourceTree = "<group>"; };
		E953C5DB19CC43A900C0510F /* CheYouLoginCheckViewController.m */ = {isa = PBXFileReference; fileEncoding = 4; lastKnownFileType = sourcecode.c.objc; path = CheYouLoginCheckViewController.m; sourceTree = "<group>"; };
		E95488D819E133E700CEAA12 /* Podfile */ = {isa = PBXFileReference; fileEncoding = 4; lastKnownFileType = text; path = Podfile; sourceTree = "<group>"; xcLanguageSpecificationIdentifier = xcode.lang.ruby; };
		E95FDFF719C6AE3B007585AF /* CheYouPbCommentViewController.h */ = {isa = PBXFileReference; fileEncoding = 4; lastKnownFileType = sourcecode.c.h; path = CheYouPbCommentViewController.h; sourceTree = "<group>"; };
		E95FDFF819C6AE3B007585AF /* CheYouPbCommentViewController.m */ = {isa = PBXFileReference; fileEncoding = 4; lastKnownFileType = sourcecode.c.objc; path = CheYouPbCommentViewController.m; sourceTree = "<group>"; };
		E9617A0319B7F95F000543D2 /* CAKeyframeAnimation+AHEasing.h */ = {isa = PBXFileReference; fileEncoding = 4; lastKnownFileType = sourcecode.c.h; path = "CAKeyframeAnimation+AHEasing.h"; sourceTree = "<group>"; };
		E9617A0419B7F95F000543D2 /* CAKeyframeAnimation+AHEasing.m */ = {isa = PBXFileReference; fileEncoding = 4; lastKnownFileType = sourcecode.c.objc; path = "CAKeyframeAnimation+AHEasing.m"; sourceTree = "<group>"; };
		E9617A0519B7F95F000543D2 /* easing.c */ = {isa = PBXFileReference; fileEncoding = 4; lastKnownFileType = sourcecode.c.c; path = easing.c; sourceTree = "<group>"; };
		E9617A0619B7F95F000543D2 /* easing.h */ = {isa = PBXFileReference; fileEncoding = 4; lastKnownFileType = sourcecode.c.h; path = easing.h; sourceTree = "<group>"; };
		E9617A2619B7FAAC000543D2 /* UIImage+UzysExtension.h */ = {isa = PBXFileReference; fileEncoding = 4; lastKnownFileType = sourcecode.c.h; path = "UIImage+UzysExtension.h"; sourceTree = "<group>"; };
		E9617A2719B7FAAC000543D2 /* UIImage+UzysExtension.m */ = {isa = PBXFileReference; fileEncoding = 4; lastKnownFileType = sourcecode.c.objc; path = "UIImage+UzysExtension.m"; sourceTree = "<group>"; };
		E9617A2819B7FAAC000543D2 /* UzysAppearanceConfig.h */ = {isa = PBXFileReference; fileEncoding = 4; lastKnownFileType = sourcecode.c.h; path = UzysAppearanceConfig.h; sourceTree = "<group>"; };
		E9617A2919B7FAAC000543D2 /* UzysAppearanceConfig.m */ = {isa = PBXFileReference; fileEncoding = 4; lastKnownFileType = sourcecode.c.objc; path = UzysAppearanceConfig.m; sourceTree = "<group>"; };
		E9617A2A19B7FAAC000543D2 /* UzysAssetPickerController.bundle */ = {isa = PBXFileReference; lastKnownFileType = "wrapper.plug-in"; path = UzysAssetPickerController.bundle; sourceTree = "<group>"; };
		E9617A2B19B7FAAC000543D2 /* UzysAssetsPickerController_Configuration.h */ = {isa = PBXFileReference; fileEncoding = 4; lastKnownFileType = sourcecode.c.h; path = UzysAssetsPickerController_Configuration.h; sourceTree = "<group>"; };
		E9617A2C19B7FAAC000543D2 /* UzysAssetsPickerController.h */ = {isa = PBXFileReference; fileEncoding = 4; lastKnownFileType = sourcecode.c.h; path = UzysAssetsPickerController.h; sourceTree = "<group>"; };
		E9617A2D19B7FAAC000543D2 /* UzysAssetsPickerController.m */ = {isa = PBXFileReference; fileEncoding = 4; lastKnownFileType = sourcecode.c.objc; path = UzysAssetsPickerController.m; sourceTree = "<group>"; };
		E9617A2E19B7FAAC000543D2 /* UzysAssetsPickerController.xib */ = {isa = PBXFileReference; fileEncoding = 4; lastKnownFileType = file.xib; path = UzysAssetsPickerController.xib; sourceTree = "<group>"; };
		E9617A2F19B7FAAC000543D2 /* UzysAssetsViewCell.h */ = {isa = PBXFileReference; fileEncoding = 4; lastKnownFileType = sourcecode.c.h; path = UzysAssetsViewCell.h; sourceTree = "<group>"; };
		E9617A3019B7FAAC000543D2 /* UzysAssetsViewCell.m */ = {isa = PBXFileReference; fileEncoding = 4; lastKnownFileType = sourcecode.c.objc; path = UzysAssetsViewCell.m; sourceTree = "<group>"; };
		E9617A3119B7FAAC000543D2 /* UzysGroupPickerView.h */ = {isa = PBXFileReference; fileEncoding = 4; lastKnownFileType = sourcecode.c.h; path = UzysGroupPickerView.h; sourceTree = "<group>"; };
		E9617A3219B7FAAC000543D2 /* UzysGroupPickerView.m */ = {isa = PBXFileReference; fileEncoding = 4; lastKnownFileType = sourcecode.c.objc; path = UzysGroupPickerView.m; sourceTree = "<group>"; };
		E9617A3319B7FAAC000543D2 /* UzysGroupPickerViewController.h */ = {isa = PBXFileReference; fileEncoding = 4; lastKnownFileType = sourcecode.c.h; path = UzysGroupPickerViewController.h; sourceTree = "<group>"; };
		E9617A3419B7FAAC000543D2 /* UzysGroupPickerViewController.m */ = {isa = PBXFileReference; fileEncoding = 4; lastKnownFileType = sourcecode.c.objc; path = UzysGroupPickerViewController.m; sourceTree = "<group>"; };
		E9617A3519B7FAAC000543D2 /* UzysGroupViewCell.h */ = {isa = PBXFileReference; fileEncoding = 4; lastKnownFileType = sourcecode.c.h; path = UzysGroupViewCell.h; sourceTree = "<group>"; };
		E9617A3619B7FAAC000543D2 /* UzysGroupViewCell.m */ = {isa = PBXFileReference; fileEncoding = 4; lastKnownFileType = sourcecode.c.objc; path = UzysGroupViewCell.m; sourceTree = "<group>"; };
		E9617A3719B7FAAC000543D2 /* UzysWrapperPickerController.h */ = {isa = PBXFileReference; fileEncoding = 4; lastKnownFileType = sourcecode.c.h; path = UzysWrapperPickerController.h; sourceTree = "<group>"; };
		E9617A3819B7FAAC000543D2 /* UzysWrapperPickerController.m */ = {isa = PBXFileReference; fileEncoding = 4; lastKnownFileType = sourcecode.c.objc; path = UzysWrapperPickerController.m; sourceTree = "<group>"; };
		E9617A4519B81740000543D2 /* MBProgressHUD+Add.h */ = {isa = PBXFileReference; fileEncoding = 4; lastKnownFileType = sourcecode.c.h; path = "MBProgressHUD+Add.h"; sourceTree = "<group>"; };
		E9617A4619B81740000543D2 /* MBProgressHUD+Add.m */ = {isa = PBXFileReference; fileEncoding = 4; lastKnownFileType = sourcecode.c.objc; path = "MBProgressHUD+Add.m"; sourceTree = "<group>"; };
		E9617A4719B81740000543D2 /* MBProgressHUD.bundle */ = {isa = PBXFileReference; lastKnownFileType = "wrapper.plug-in"; path = MBProgressHUD.bundle; sourceTree = "<group>"; };
		E9617A4819B81740000543D2 /* MBProgressHUD.h */ = {isa = PBXFileReference; fileEncoding = 4; lastKnownFileType = sourcecode.c.h; path = MBProgressHUD.h; sourceTree = "<group>"; };
		E9617A4919B81740000543D2 /* MBProgressHUD.m */ = {isa = PBXFileReference; fileEncoding = 4; lastKnownFileType = sourcecode.c.objc; path = MBProgressHUD.m; sourceTree = "<group>"; };
		E9617A4B19B81740000543D2 /* MJPhoto.h */ = {isa = PBXFileReference; fileEncoding = 4; lastKnownFileType = sourcecode.c.h; path = MJPhoto.h; sourceTree = "<group>"; };
		E9617A4C19B81740000543D2 /* MJPhoto.m */ = {isa = PBXFileReference; fileEncoding = 4; lastKnownFileType = sourcecode.c.objc; path = MJPhoto.m; sourceTree = "<group>"; };
		E9617A4D19B81740000543D2 /* MJPhotoBrowser.bundle */ = {isa = PBXFileReference; lastKnownFileType = "wrapper.plug-in"; path = MJPhotoBrowser.bundle; sourceTree = "<group>"; };
		E9617A4E19B81740000543D2 /* MJPhotoBrowser.h */ = {isa = PBXFileReference; fileEncoding = 4; lastKnownFileType = sourcecode.c.h; path = MJPhotoBrowser.h; sourceTree = "<group>"; };
		E9617A4F19B81740000543D2 /* MJPhotoBrowser.m */ = {isa = PBXFileReference; fileEncoding = 4; lastKnownFileType = sourcecode.c.objc; path = MJPhotoBrowser.m; sourceTree = "<group>"; };
		E9617A5019B81740000543D2 /* MJPhotoLoadingView.h */ = {isa = PBXFileReference; fileEncoding = 4; lastKnownFileType = sourcecode.c.h; path = MJPhotoLoadingView.h; sourceTree = "<group>"; };
		E9617A5119B81740000543D2 /* MJPhotoLoadingView.m */ = {isa = PBXFileReference; fileEncoding = 4; lastKnownFileType = sourcecode.c.objc; path = MJPhotoLoadingView.m; sourceTree = "<group>"; };
		E9617A5219B81740000543D2 /* MJPhotoProgressView.h */ = {isa = PBXFileReference; fileEncoding = 4; lastKnownFileType = sourcecode.c.h; path = MJPhotoProgressView.h; sourceTree = "<group>"; };
		E9617A5319B81740000543D2 /* MJPhotoProgressView.m */ = {isa = PBXFileReference; fileEncoding = 4; lastKnownFileType = sourcecode.c.objc; path = MJPhotoProgressView.m; sourceTree = "<group>"; };
		E9617A5419B81740000543D2 /* MJPhotoToolbar.h */ = {isa = PBXFileReference; fileEncoding = 4; lastKnownFileType = sourcecode.c.h; path = MJPhotoToolbar.h; sourceTree = "<group>"; };
		E9617A5519B81740000543D2 /* MJPhotoToolbar.m */ = {isa = PBXFileReference; fileEncoding = 4; lastKnownFileType = sourcecode.c.objc; path = MJPhotoToolbar.m; sourceTree = "<group>"; };
		E9617A5619B81740000543D2 /* MJPhotoView.h */ = {isa = PBXFileReference; fileEncoding = 4; lastKnownFileType = sourcecode.c.h; path = MJPhotoView.h; sourceTree = "<group>"; };
		E9617A5719B81740000543D2 /* MJPhotoView.m */ = {isa = PBXFileReference; fileEncoding = 4; lastKnownFileType = sourcecode.c.objc; path = MJPhotoView.m; sourceTree = "<group>"; };
		E9617A5919B81740000543D2 /* MKAnnotationView+WebCache.h */ = {isa = PBXFileReference; fileEncoding = 4; lastKnownFileType = sourcecode.c.h; path = "MKAnnotationView+WebCache.h"; sourceTree = "<group>"; };
		E9617A5A19B81740000543D2 /* MKAnnotationView+WebCache.m */ = {isa = PBXFileReference; fileEncoding = 4; lastKnownFileType = sourcecode.c.objc; path = "MKAnnotationView+WebCache.m"; sourceTree = "<group>"; };
		E9617A5B19B81740000543D2 /* NSData+GIF.h */ = {isa = PBXFileReference; fileEncoding = 4; lastKnownFileType = sourcecode.c.h; path = "NSData+GIF.h"; sourceTree = "<group>"; };
		E9617A5C19B81740000543D2 /* NSData+GIF.m */ = {isa = PBXFileReference; fileEncoding = 4; lastKnownFileType = sourcecode.c.objc; path = "NSData+GIF.m"; sourceTree = "<group>"; };
		E9617A5D19B81740000543D2 /* SDImageCache.h */ = {isa = PBXFileReference; fileEncoding = 4; lastKnownFileType = sourcecode.c.h; path = SDImageCache.h; sourceTree = "<group>"; };
		E9617A5E19B81740000543D2 /* SDImageCache.m */ = {isa = PBXFileReference; fileEncoding = 4; lastKnownFileType = sourcecode.c.objc; path = SDImageCache.m; sourceTree = "<group>"; };
		E9617A5F19B81740000543D2 /* SDWebImageCompat.h */ = {isa = PBXFileReference; fileEncoding = 4; lastKnownFileType = sourcecode.c.h; path = SDWebImageCompat.h; sourceTree = "<group>"; };
		E9617A6019B81740000543D2 /* SDWebImageCompat.m */ = {isa = PBXFileReference; fileEncoding = 4; lastKnownFileType = sourcecode.c.objc; path = SDWebImageCompat.m; sourceTree = "<group>"; };
		E9617A6119B81740000543D2 /* SDWebImageDecoder.h */ = {isa = PBXFileReference; fileEncoding = 4; lastKnownFileType = sourcecode.c.h; path = SDWebImageDecoder.h; sourceTree = "<group>"; };
		E9617A6219B81740000543D2 /* SDWebImageDecoder.m */ = {isa = PBXFileReference; fileEncoding = 4; lastKnownFileType = sourcecode.c.objc; path = SDWebImageDecoder.m; sourceTree = "<group>"; };
		E9617A6319B81740000543D2 /* SDWebImageDownloader.h */ = {isa = PBXFileReference; fileEncoding = 4; lastKnownFileType = sourcecode.c.h; path = SDWebImageDownloader.h; sourceTree = "<group>"; };
		E9617A6419B81740000543D2 /* SDWebImageDownloader.m */ = {isa = PBXFileReference; fileEncoding = 4; lastKnownFileType = sourcecode.c.objc; path = SDWebImageDownloader.m; sourceTree = "<group>"; };
		E9617A6519B81740000543D2 /* SDWebImageDownloaderOperation.h */ = {isa = PBXFileReference; fileEncoding = 4; lastKnownFileType = sourcecode.c.h; path = SDWebImageDownloaderOperation.h; sourceTree = "<group>"; };
		E9617A6619B81740000543D2 /* SDWebImageDownloaderOperation.m */ = {isa = PBXFileReference; fileEncoding = 4; lastKnownFileType = sourcecode.c.objc; path = SDWebImageDownloaderOperation.m; sourceTree = "<group>"; };
		E9617A6719B81740000543D2 /* SDWebImageManager+MJ.h */ = {isa = PBXFileReference; fileEncoding = 4; lastKnownFileType = sourcecode.c.h; path = "SDWebImageManager+MJ.h"; sourceTree = "<group>"; };
		E9617A6819B81740000543D2 /* SDWebImageManager+MJ.m */ = {isa = PBXFileReference; fileEncoding = 4; lastKnownFileType = sourcecode.c.objc; path = "SDWebImageManager+MJ.m"; sourceTree = "<group>"; };
		E9617A6919B81740000543D2 /* SDWebImageManager.h */ = {isa = PBXFileReference; fileEncoding = 4; lastKnownFileType = sourcecode.c.h; path = SDWebImageManager.h; sourceTree = "<group>"; };
		E9617A6A19B81740000543D2 /* SDWebImageManager.m */ = {isa = PBXFileReference; fileEncoding = 4; lastKnownFileType = sourcecode.c.objc; path = SDWebImageManager.m; sourceTree = "<group>"; };
		E9617A6B19B81740000543D2 /* SDWebImageOperation.h */ = {isa = PBXFileReference; fileEncoding = 4; lastKnownFileType = sourcecode.c.h; path = SDWebImageOperation.h; sourceTree = "<group>"; };
		E9617A6C19B81740000543D2 /* SDWebImagePrefetcher.h */ = {isa = PBXFileReference; fileEncoding = 4; lastKnownFileType = sourcecode.c.h; path = SDWebImagePrefetcher.h; sourceTree = "<group>"; };
		E9617A6D19B81740000543D2 /* SDWebImagePrefetcher.m */ = {isa = PBXFileReference; fileEncoding = 4; lastKnownFileType = sourcecode.c.objc; path = SDWebImagePrefetcher.m; sourceTree = "<group>"; };
		E9617A6E19B81740000543D2 /* UIButton+WebCache.h */ = {isa = PBXFileReference; fileEncoding = 4; lastKnownFileType = sourcecode.c.h; path = "UIButton+WebCache.h"; sourceTree = "<group>"; };
		E9617A6F19B81740000543D2 /* UIButton+WebCache.m */ = {isa = PBXFileReference; fileEncoding = 4; lastKnownFileType = sourcecode.c.objc; path = "UIButton+WebCache.m"; sourceTree = "<group>"; };
		E9617A7019B81740000543D2 /* UIImage+GIF.h */ = {isa = PBXFileReference; fileEncoding = 4; lastKnownFileType = sourcecode.c.h; path = "UIImage+GIF.h"; sourceTree = "<group>"; };
		E9617A7119B81740000543D2 /* UIImage+GIF.m */ = {isa = PBXFileReference; fileEncoding = 4; lastKnownFileType = sourcecode.c.objc; path = "UIImage+GIF.m"; sourceTree = "<group>"; };
		E9617A7219B81740000543D2 /* UIImage+MultiFormat.h */ = {isa = PBXFileReference; fileEncoding = 4; lastKnownFileType = sourcecode.c.h; path = "UIImage+MultiFormat.h"; sourceTree = "<group>"; };
		E9617A7319B81740000543D2 /* UIImage+MultiFormat.m */ = {isa = PBXFileReference; fileEncoding = 4; lastKnownFileType = sourcecode.c.objc; path = "UIImage+MultiFormat.m"; sourceTree = "<group>"; };
		E9617A7419B81740000543D2 /* UIImage+WebP.h */ = {isa = PBXFileReference; fileEncoding = 4; lastKnownFileType = sourcecode.c.h; path = "UIImage+WebP.h"; sourceTree = "<group>"; };
		E9617A7519B81740000543D2 /* UIImage+WebP.m */ = {isa = PBXFileReference; fileEncoding = 4; lastKnownFileType = sourcecode.c.objc; path = "UIImage+WebP.m"; sourceTree = "<group>"; };
		E9617A7619B81740000543D2 /* UIImageView+MJWebCache.h */ = {isa = PBXFileReference; fileEncoding = 4; lastKnownFileType = sourcecode.c.h; path = "UIImageView+MJWebCache.h"; sourceTree = "<group>"; };
		E9617A7719B81740000543D2 /* UIImageView+MJWebCache.m */ = {isa = PBXFileReference; fileEncoding = 4; lastKnownFileType = sourcecode.c.objc; path = "UIImageView+MJWebCache.m"; sourceTree = "<group>"; };
		E9617A7819B81740000543D2 /* UIImageView+WebCache.h */ = {isa = PBXFileReference; fileEncoding = 4; lastKnownFileType = sourcecode.c.h; path = "UIImageView+WebCache.h"; sourceTree = "<group>"; };
		E9617A7919B81740000543D2 /* UIImageView+WebCache.m */ = {isa = PBXFileReference; fileEncoding = 4; lastKnownFileType = sourcecode.c.objc; path = "UIImageView+WebCache.m"; sourceTree = "<group>"; };
		E964150F19B55D8900FD2A08 /* CheYouDucheViewController.h */ = {isa = PBXFileReference; fileEncoding = 4; lastKnownFileType = sourcecode.c.h; path = CheYouDucheViewController.h; sourceTree = "<group>"; };
		E964151019B55D8900FD2A08 /* CheYouDucheViewController.m */ = {isa = PBXFileReference; fileEncoding = 4; lastKnownFileType = sourcecode.c.objc; path = CheYouDucheViewController.m; sourceTree = "<group>"; };
		E968E28119ADA16200E2824E /* LuJieCommon.h */ = {isa = PBXFileReference; fileEncoding = 4; lastKnownFileType = sourcecode.c.h; path = LuJieCommon.h; sourceTree = "<group>"; };
		E968E28219ADA16200E2824E /* LuJieCommon.m */ = {isa = PBXFileReference; fileEncoding = 4; lastKnownFileType = sourcecode.c.objc; path = LuJieCommon.m; sourceTree = "<group>"; };
		E96AD82919EEC0F200D62E50 /* PickerItem.h */ = {isa = PBXFileReference; fileEncoding = 4; lastKnownFileType = sourcecode.c.h; path = PickerItem.h; sourceTree = "<group>"; };
		E96AD82A19EEC0F200D62E50 /* PickerItem.m */ = {isa = PBXFileReference; fileEncoding = 4; lastKnownFileType = sourcecode.c.objc; path = PickerItem.m; sourceTree = "<group>"; };
		E976FBB419C9BF320019646A /* VPImageCropperViewController.h */ = {isa = PBXFileReference; fileEncoding = 4; lastKnownFileType = sourcecode.c.h; path = VPImageCropperViewController.h; sourceTree = "<group>"; };
		E976FBB519C9BF320019646A /* VPImageCropperViewController.m */ = {isa = PBXFileReference; fileEncoding = 4; lastKnownFileType = sourcecode.c.objc; path = VPImageCropperViewController.m; sourceTree = "<group>"; };
		E978F85F19C91B8500436F09 /* CheYouSetViewController.h */ = {isa = PBXFileReference; fileEncoding = 4; lastKnownFileType = sourcecode.c.h; path = CheYouSetViewController.h; sourceTree = "<group>"; };
		E978F86019C91B8500436F09 /* CheYouSetViewController.m */ = {isa = PBXFileReference; fileEncoding = 4; lastKnownFileType = sourcecode.c.objc; path = CheYouSetViewController.m; sourceTree = "<group>"; };
		E978F86219C92E2F00436F09 /* CheYouGeRenViewController.h */ = {isa = PBXFileReference; fileEncoding = 4; lastKnownFileType = sourcecode.c.h; path = CheYouGeRenViewController.h; sourceTree = "<group>"; };
		E978F86319C92E2F00436F09 /* CheYouGeRenViewController.m */ = {isa = PBXFileReference; fileEncoding = 4; lastKnownFileType = sourcecode.c.objc; path = CheYouGeRenViewController.m; sourceTree = "<group>"; };
		E97B2F2619CD094300D902C0 /* ICETutorialController_iPhone.xib */ = {isa = PBXFileReference; fileEncoding = 4; lastKnownFileType = file.xib; path = ICETutorialController_iPhone.xib; sourceTree = "<group>"; };
		E97B2F2819CD188F00D902C0 /* CheYouRegisterViewController.h */ = {isa = PBXFileReference; fileEncoding = 4; lastKnownFileType = sourcecode.c.h; path = CheYouRegisterViewController.h; sourceTree = "<group>"; };
		E97B2F2919CD188F00D902C0 /* CheYouRegisterViewController.m */ = {isa = PBXFileReference; fileEncoding = 4; lastKnownFileType = sourcecode.c.objc; path = CheYouRegisterViewController.m; sourceTree = "<group>"; };
		E97B2F2B19CD1D3E00D902C0 /* CheYouSetPwdViewController.h */ = {isa = PBXFileReference; fileEncoding = 4; lastKnownFileType = sourcecode.c.h; path = CheYouSetPwdViewController.h; sourceTree = "<group>"; };
		E97B2F2C19CD1D3E00D902C0 /* CheYouSetPwdViewController.m */ = {isa = PBXFileReference; fileEncoding = 4; lastKnownFileType = sourcecode.c.objc; path = CheYouSetPwdViewController.m; sourceTree = "<group>"; };
		E97B2F2E19CD21C500D902C0 /* CheYouSetInfoViewController.h */ = {isa = PBXFileReference; fileEncoding = 4; lastKnownFileType = sourcecode.c.h; path = CheYouSetInfoViewController.h; sourceTree = "<group>"; };
		E97B2F2F19CD21C500D902C0 /* CheYouSetInfoViewController.m */ = {isa = PBXFileReference; fileEncoding = 4; lastKnownFileType = sourcecode.c.objc; path = CheYouSetInfoViewController.m; sourceTree = "<group>"; };
		E97B2F3119CD721900D902C0 /* area.plist */ = {isa = PBXFileReference; fileEncoding = 4; lastKnownFileType = text.plist.xml; path = area.plist; sourceTree = "<group>"; };
		E97B4A1D19C7E317009B5E36 /* CheYouDianzanViewCell.h */ = {isa = PBXFileReference; fileEncoding = 4; lastKnownFileType = sourcecode.c.h; path = CheYouDianzanViewCell.h; sourceTree = "<group>"; };
		E97B4A1E19C7E317009B5E36 /* CheYouDianzanViewCell.m */ = {isa = PBXFileReference; fileEncoding = 4; lastKnownFileType = sourcecode.c.objc; path = CheYouDianzanViewCell.m; sourceTree = "<group>"; };
		E97C562819C53522003AB1B9 /* CheYouCommentTopViewCell.h */ = {isa = PBXFileReference; fileEncoding = 4; lastKnownFileType = sourcecode.c.h; path = CheYouCommentTopViewCell.h; sourceTree = "<group>"; };
		E97C562919C53522003AB1B9 /* CheYouCommentTopViewCell.m */ = {isa = PBXFileReference; fileEncoding = 4; lastKnownFileType = sourcecode.c.objc; path = CheYouCommentTopViewCell.m; sourceTree = "<group>"; };
		E981F9CE19AC323F007BD2DE /* CheYou.app */ = {isa = PBXFileReference; explicitFileType = wrapper.application; includeInIndex = 0; path = CheYou.app; sourceTree = BUILT_PRODUCTS_DIR; };
		E981F9D119AC323F007BD2DE /* Foundation.framework */ = {isa = PBXFileReference; lastKnownFileType = wrapper.framework; name = Foundation.framework; path = System/Library/Frameworks/Foundation.framework; sourceTree = SDKROOT; };
		E981F9D319AC323F007BD2DE /* CoreGraphics.framework */ = {isa = PBXFileReference; lastKnownFileType = wrapper.framework; name = CoreGraphics.framework; path = System/Library/Frameworks/CoreGraphics.framework; sourceTree = SDKROOT; };
		E981F9D519AC323F007BD2DE /* UIKit.framework */ = {isa = PBXFileReference; lastKnownFileType = wrapper.framework; name = UIKit.framework; path = System/Library/Frameworks/UIKit.framework; sourceTree = SDKROOT; };
		E981F9D919AC323F007BD2DE /* CheYou-Info.plist */ = {isa = PBXFileReference; lastKnownFileType = text.plist.xml; path = "CheYou-Info.plist"; sourceTree = "<group>"; };
		E981F9DB19AC323F007BD2DE /* en */ = {isa = PBXFileReference; lastKnownFileType = text.plist.strings; name = en; path = en.lproj/InfoPlist.strings; sourceTree = "<group>"; };
		E981F9DD19AC323F007BD2DE /* main.m */ = {isa = PBXFileReference; lastKnownFileType = sourcecode.c.objc; path = main.m; sourceTree = "<group>"; };
		E981F9DF19AC323F007BD2DE /* CheYou-Prefix.pch */ = {isa = PBXFileReference; lastKnownFileType = sourcecode.c.h; path = "CheYou-Prefix.pch"; sourceTree = "<group>"; };
		E981F9E019AC323F007BD2DE /* CheYouAppDelegate.h */ = {isa = PBXFileReference; lastKnownFileType = sourcecode.c.h; path = CheYouAppDelegate.h; sourceTree = "<group>"; };
		E981F9E119AC323F007BD2DE /* CheYouAppDelegate.m */ = {isa = PBXFileReference; lastKnownFileType = sourcecode.c.objc; path = CheYouAppDelegate.m; sourceTree = "<group>"; };
		E981F9E419AC323F007BD2DE /* Base */ = {isa = PBXFileReference; lastKnownFileType = file.storyboard; name = Base; path = Base.lproj/Main.storyboard; sourceTree = "<group>"; };
		E981F9E619AC323F007BD2DE /* CheYouViewController.h */ = {isa = PBXFileReference; lastKnownFileType = sourcecode.c.h; path = CheYouViewController.h; sourceTree = "<group>"; };
		E981F9E719AC323F007BD2DE /* CheYouViewController.m */ = {isa = PBXFileReference; lastKnownFileType = sourcecode.c.objc; path = CheYouViewController.m; sourceTree = "<group>"; };
		E981F9E919AC323F007BD2DE /* Images.xcassets */ = {isa = PBXFileReference; lastKnownFileType = folder.assetcatalog; path = Images.xcassets; sourceTree = "<group>"; };
		E981F9EF19AC323F007BD2DE /* CheYouTests.xctest */ = {isa = PBXFileReference; explicitFileType = wrapper.cfbundle; includeInIndex = 0; path = CheYouTests.xctest; sourceTree = BUILT_PRODUCTS_DIR; };
		E981F9F819AC323F007BD2DE /* CheYouTests-Info.plist */ = {isa = PBXFileReference; lastKnownFileType = text.plist.xml; path = "CheYouTests-Info.plist"; sourceTree = "<group>"; };
		E981F9FA19AC323F007BD2DE /* en */ = {isa = PBXFileReference; lastKnownFileType = text.plist.strings; name = en; path = en.lproj/InfoPlist.strings; sourceTree = "<group>"; };
		E981F9FC19AC323F007BD2DE /* CheYouTests.m */ = {isa = PBXFileReference; lastKnownFileType = sourcecode.c.objc; path = CheYouTests.m; sourceTree = "<group>"; };
		E982164A19B9A07000F088BB /* PRButton.h */ = {isa = PBXFileReference; fileEncoding = 4; lastKnownFileType = sourcecode.c.h; path = PRButton.h; sourceTree = "<group>"; };
		E982164B19B9A07000F088BB /* PRButton.m */ = {isa = PBXFileReference; fileEncoding = 4; lastKnownFileType = sourcecode.c.objc; path = PRButton.m; sourceTree = "<group>"; };
		E99BBA9D19C0374200AF4C1B /* CheYouCommentViewController.h */ = {isa = PBXFileReference; fileEncoding = 4; lastKnownFileType = sourcecode.c.h; path = CheYouCommentViewController.h; sourceTree = "<group>"; };
		E99BBA9E19C0374200AF4C1B /* CheYouCommentViewController.m */ = {isa = PBXFileReference; fileEncoding = 4; lastKnownFileType = sourcecode.c.objc; path = CheYouCommentViewController.m; sourceTree = "<group>"; };
		E99BBAA219C18BBA00AF4C1B /* CheYouCommentViewCell.h */ = {isa = PBXFileReference; fileEncoding = 4; lastKnownFileType = sourcecode.c.h; path = CheYouCommentViewCell.h; sourceTree = "<group>"; };
		E99BBAA319C18BBA00AF4C1B /* CheYouCommentViewCell.m */ = {isa = PBXFileReference; fileEncoding = 4; lastKnownFileType = sourcecode.c.objc; path = CheYouCommentViewCell.m; sourceTree = "<group>"; };
		E99EE50A19BEE506004CBABA /* CheYouUserViewController.h */ = {isa = PBXFileReference; fileEncoding = 4; lastKnownFileType = sourcecode.c.h; path = CheYouUserViewController.h; sourceTree = "<group>"; };
		E99EE50B19BEE506004CBABA /* CheYouUserViewController.m */ = {isa = PBXFileReference; fileEncoding = 4; lastKnownFileType = sourcecode.c.objc; path = CheYouUserViewController.m; sourceTree = "<group>"; };
		E9B49D2819CAC4B700F6F562 /* ICETutorialPage.m */ = {isa = PBXFileReference; fileEncoding = 4; lastKnownFileType = sourcecode.c.objc; path = ICETutorialPage.m; sourceTree = "<group>"; };
		E9B49D2919CAC4B700F6F562 /* ICETutorialController.h */ = {isa = PBXFileReference; fileEncoding = 4; lastKnownFileType = sourcecode.c.h; path = ICETutorialController.h; sourceTree = "<group>"; };
		E9B49D2A19CAC4B700F6F562 /* ICETutorialController.m */ = {isa = PBXFileReference; fileEncoding = 4; lastKnownFileType = sourcecode.c.objc; path = ICETutorialController.m; sourceTree = "<group>"; };
		E9B49D2B19CAC4B700F6F562 /* ICETutorialPage.h */ = {isa = PBXFileReference; fileEncoding = 4; lastKnownFileType = sourcecode.c.h; path = ICETutorialPage.h; sourceTree = "<group>"; };
		E9B49D2E19CAC4D400F6F562 /* tutorial_background_00@2x.jpg */ = {isa = PBXFileReference; lastKnownFileType = image.jpeg; path = "tutorial_background_00@2x.jpg"; sourceTree = "<group>"; };
		E9B49D2F19CAC4D400F6F562 /* tutorial_background_01@2x.jpg */ = {isa = PBXFileReference; lastKnownFileType = image.jpeg; path = "tutorial_background_01@2x.jpg"; sourceTree = "<group>"; };
		E9B49D3019CAC4D400F6F562 /* tutorial_background_02@2x.jpg */ = {isa = PBXFileReference; lastKnownFileType = image.jpeg; path = "tutorial_background_02@2x.jpg"; sourceTree = "<group>"; };
		E9B49D3119CAC4D400F6F562 /* tutorial_background_03@2x.jpg */ = {isa = PBXFileReference; lastKnownFileType = image.jpeg; path = "tutorial_background_03@2x.jpg"; sourceTree = "<group>"; };
		E9B49D3219CAC4D400F6F562 /* tutorial_background_04@2x.jpg */ = {isa = PBXFileReference; lastKnownFileType = image.jpeg; path = "tutorial_background_04@2x.jpg"; sourceTree = "<group>"; };
		E9B49D3819CAC59E00F6F562 /* background-gradient.png */ = {isa = PBXFileReference; lastKnownFileType = image.png; path = "background-gradient.png"; sourceTree = "<group>"; };
		E9B49D3919CAC59E00F6F562 /* background-gradient@2x.png */ = {isa = PBXFileReference; lastKnownFileType = image.png; path = "background-gradient@2x.png"; sourceTree = "<group>"; };
		E9B49D3A19CAC59E00F6F562 /* button-background.png */ = {isa = PBXFileReference; lastKnownFileType = image.png; path = "button-background.png"; sourceTree = "<group>"; };
		E9B49D3B19CAC59E00F6F562 /* button-background@2x.png */ = {isa = PBXFileReference; lastKnownFileType = image.png; path = "button-background@2x.png"; sourceTree = "<group>"; };
		E9BCBCB419EFFA7F00236A0E /* Icon@2x.png */ = {isa = PBXFileReference; lastKnownFileType = image.png; path = "Icon@2x.png"; sourceTree = "<group>"; };
		E9BCBCB519EFFA7F00236A0E /* Icon.png */ = {isa = PBXFileReference; lastKnownFileType = image.png; path = Icon.png; sourceTree = "<group>"; };
		E9BCBCB619EFFA7F00236A0E /* Icon-Small@2x.png */ = {isa = PBXFileReference; lastKnownFileType = image.png; path = "Icon-Small@2x.png"; sourceTree = "<group>"; };
		E9BCBCB719EFFA7F00236A0E /* Icon-Small.png */ = {isa = PBXFileReference; lastKnownFileType = image.png; path = "Icon-Small.png"; sourceTree = "<group>"; };
		E9BCBCB819EFFA7F00236A0E /* Icon-Small-50@2x.png */ = {isa = PBXFileReference; lastKnownFileType = image.png; path = "Icon-Small-50@2x.png"; sourceTree = "<group>"; };
		E9BCBCB919EFFA7F00236A0E /* Icon-Small-50.png */ = {isa = PBXFileReference; lastKnownFileType = image.png; path = "Icon-Small-50.png"; sourceTree = "<group>"; };
		E9BCBCBA19EFFA7F00236A0E /* Icon-72@2x.png */ = {isa = PBXFileReference; lastKnownFileType = image.png; path = "Icon-72@2x.png"; sourceTree = "<group>"; };
		E9BCBCBB19EFFA7F00236A0E /* Icon-72.png */ = {isa = PBXFileReference; lastKnownFileType = image.png; path = "Icon-72.png"; sourceTree = "<group>"; };
		E9BCBCBC19EFFA7F00236A0E /* Icon-60@2x.png */ = {isa = PBXFileReference; lastKnownFileType = image.png; path = "Icon-60@2x.png"; sourceTree = "<group>"; };
		E9BCBCBD19EFFA7F00236A0E /* Icon-60.png */ = {isa = PBXFileReference; lastKnownFileType = image.png; path = "Icon-60.png"; sourceTree = "<group>"; };
		E9BCBCBE19EFFA7F00236A0E /* iTunesArtwork@2x.png */ = {isa = PBXFileReference; lastKnownFileType = image.png; path = "iTunesArtwork@2x.png"; sourceTree = "<group>"; };
		E9BCBCBF19EFFA7F00236A0E /* iTunesArtwork.png */ = {isa = PBXFileReference; lastKnownFileType = image.png; path = iTunesArtwork.png; sourceTree = "<group>"; };
		E9BCBCCC19F00E4D00236A0E /* CheYouSuggestController.h */ = {isa = PBXFileReference; fileEncoding = 4; lastKnownFileType = sourcecode.c.h; path = CheYouSuggestController.h; sourceTree = "<group>"; };
		E9BCBCCD19F00E4D00236A0E /* CheYouSuggestController.m */ = {isa = PBXFileReference; fileEncoding = 4; lastKnownFileType = sourcecode.c.objc; path = CheYouSuggestController.m; sourceTree = "<group>"; };
		E9BCBCCF19F0164200236A0E /* CheYouAboutController.h */ = {isa = PBXFileReference; fileEncoding = 4; lastKnownFileType = sourcecode.c.h; path = CheYouAboutController.h; sourceTree = "<group>"; };
		E9BCBCD019F0164200236A0E /* CheYouAboutController.m */ = {isa = PBXFileReference; fileEncoding = 4; lastKnownFileType = sourcecode.c.objc; path = CheYouAboutController.m; sourceTree = "<group>"; };
		E9ECC9AD19B0983400C894E5 /* CheYouTabBarViewController.h */ = {isa = PBXFileReference; fileEncoding = 4; lastKnownFileType = sourcecode.c.h; path = CheYouTabBarViewController.h; sourceTree = "<group>"; };
		E9ECC9AE19B0983400C894E5 /* CheYouTabBarViewController.m */ = {isa = PBXFileReference; fileEncoding = 4; lastKnownFileType = sourcecode.c.objc; path = CheYouTabBarViewController.m; sourceTree = "<group>"; };
		E9ECC9B219B0C0A400C894E5 /* CheYouPublishViewController.h */ = {isa = PBXFileReference; fileEncoding = 4; lastKnownFileType = sourcecode.c.h; path = CheYouPublishViewController.h; sourceTree = "<group>"; };
		E9ECC9B319B0C0A400C894E5 /* CheYouPublishViewController.m */ = {isa = PBXFileReference; fileEncoding = 4; lastKnownFileType = sourcecode.c.objc; path = CheYouPublishViewController.m; sourceTree = "<group>"; };
		E9F9DC5519B708A000401C35 /* UIImageExt.h */ = {isa = PBXFileReference; fileEncoding = 4; lastKnownFileType = sourcecode.c.h; path = UIImageExt.h; sourceTree = "<group>"; };
		E9F9DC5619B708A000401C35 /* UIImageExt.m */ = {isa = PBXFileReference; fileEncoding = 4; lastKnownFileType = sourcecode.c.objc; path = UIImageExt.m; sourceTree = "<group>"; };
/* End PBXFileReference section */

/* Begin PBXFrameworksBuildPhase section */
		E981F9CB19AC323F007BD2DE /* Frameworks */ = {
			isa = PBXFrameworksBuildPhase;
			buildActionMask = 2147483647;
			files = (
				E94BCC7619F0B2BB008F66D3 /* libz.dylib in Frameworks */,
				E94BCC7419F0B292008F66D3 /* libMobClickLibrary.a in Frameworks */,
				E92C577919D46C8800B144F0 /* libPods.a in Frameworks */,
				E9375F4319D31D3600053F0B /* SystemConfiguration.framework in Frameworks */,
				E9375F4119D31D2400053F0B /* libz.1.2.5.dylib in Frameworks */,
				E93AD96319B2CCBB0081259E /* QuartzCore.framework in Frameworks */,
				E981F9D419AC323F007BD2DE /* CoreGraphics.framework in Frameworks */,
				E981F9D619AC323F007BD2DE /* UIKit.framework in Frameworks */,
				E981F9D219AC323F007BD2DE /* Foundation.framework in Frameworks */,
				E9375F3F19D31B8A00053F0B /* libCCPRestSDK.a in Frameworks */,
			);
			runOnlyForDeploymentPostprocessing = 0;
		};
		E981F9EC19AC323F007BD2DE /* Frameworks */ = {
			isa = PBXFrameworksBuildPhase;
			buildActionMask = 2147483647;
			files = (
				E981F9F319AC323F007BD2DE /* UIKit.framework in Frameworks */,
				E981F9F219AC323F007BD2DE /* Foundation.framework in Frameworks */,
			);
			runOnlyForDeploymentPostprocessing = 0;
		};
/* End PBXFrameworksBuildPhase section */

/* Begin PBXGroup section */
		471523269218FE33E2D194F1 /* Pods */ = {
			isa = PBXGroup;
			children = (
				B1B782DD7D212B245D6D6278 /* Pods.debug.xcconfig */,
				3D1D240AEA8F87D7242997B4 /* Pods.release.xcconfig */,
			);
			name = Pods;
			sourceTree = "<group>";
		};
		E911672F19BB107D007EA117 /* MJRefresh */ = {
			isa = PBXGroup;
			children = (
				E911673019BB107D007EA117 /* MJRefresh.bundle */,
				E911673119BB107D007EA117 /* MJRefresh.h */,
				E911673219BB107D007EA117 /* MJRefreshBaseView.h */,
				E911673319BB107D007EA117 /* MJRefreshBaseView.m */,
				E911673419BB107D007EA117 /* MJRefreshConst.h */,
				E911673519BB107D007EA117 /* MJRefreshConst.m */,
				E911673619BB107D007EA117 /* MJRefreshFooterView.h */,
				E911673719BB107D007EA117 /* MJRefreshFooterView.m */,
				E911673819BB107D007EA117 /* MJRefreshHeaderView.h */,
				E911673919BB107D007EA117 /* MJRefreshHeaderView.m */,
				E911673A19BB107D007EA117 /* UIScrollView+MJExtension.h */,
				E911673B19BB107D007EA117 /* UIScrollView+MJExtension.m */,
				E911673C19BB107D007EA117 /* UIScrollView+MJRefresh.h */,
				E911673D19BB107D007EA117 /* UIScrollView+MJRefresh.m */,
				E911673E19BB107D007EA117 /* UIView+MJExtension.h */,
				E911673F19BB107D007EA117 /* UIView+MJExtension.m */,
			);
			path = MJRefresh;
			sourceTree = "<group>";
		};
		E92C576319D469F200B144F0 /* Upyun */ = {
			isa = PBXGroup;
			children = (
				E92C576F19D46AF200B144F0 /* UpYun.h */,
				E92C577019D46AF200B144F0 /* UpYun.m */,
				E92C577119D46AF200B144F0 /* UpYunSDK2.0-Prefix.pch */,
				E92C577219D46AF200B144F0 /* Utils */,
			);
			name = Upyun;
			sourceTree = "<group>";
		};
		E92C577219D46AF200B144F0 /* Utils */ = {
			isa = PBXGroup;
			children = (
				E92C577319D46AF200B144F0 /* Data */,
			);
			path = Utils;
			sourceTree = "<group>";
		};
		E92C577319D46AF200B144F0 /* Data */ = {
			isa = PBXGroup;
			children = (
				E92C577419D46AF200B144F0 /* NSData+Utils.h */,
				E92C577519D46AF200B144F0 /* NSData+Utils.m */,
			);
			path = Data;
			sourceTree = "<group>";
		};
		E93648D319AF324700CE5542 /* Model */ = {
			isa = PBXGroup;
			children = (
				E93648D419AF336300CE5542 /* TuCao.h */,
				E93648D519AF336300CE5542 /* TuCao.m */,
				E982164A19B9A07000F088BB /* PRButton.h */,
				E982164B19B9A07000F088BB /* PRButton.m */,
				E9521CF419DA6DE30058F36D /* PingLun.h */,
				E9521CF519DA6DE30058F36D /* PingLun.m */,
				E96AD82919EEC0F200D62E50 /* PickerItem.h */,
				E96AD82A19EEC0F200D62E50 /* PickerItem.m */,
			);
			name = Model;
			sourceTree = "<group>";
		};
		E93648D719AF6C2200CE5542 /* TableCell */ = {
			isa = PBXGroup;
			children = (
				E93648D819AF6C6100CE5542 /* CheYouTuCaoTableViewCell.h */,
				E93648D919AF6C6100CE5542 /* CheYouTuCaoTableViewCell.m */,
				E99BBAA219C18BBA00AF4C1B /* CheYouCommentViewCell.h */,
				E99BBAA319C18BBA00AF4C1B /* CheYouCommentViewCell.m */,
				E97C562819C53522003AB1B9 /* CheYouCommentTopViewCell.h */,
				E97C562919C53522003AB1B9 /* CheYouCommentTopViewCell.m */,
				E97B4A1D19C7E317009B5E36 /* CheYouDianzanViewCell.h */,
				E97B4A1E19C7E317009B5E36 /* CheYouDianzanViewCell.m */,
			);
			name = TableCell;
			sourceTree = "<group>";
		};
		E9375F3C19D31B6C00053F0B /* MS */ = {
			isa = PBXGroup;
			children = (
				E9375F3D19D31B8A00053F0B /* libCCPRestSDK.a */,
				E9375F3E19D31B8A00053F0B /* CCPRestSDK.h */,
			);
			name = MS;
			sourceTree = "<group>";
		};
		E93AD96419B2CD960081259E /* Animation */ = {
			isa = PBXGroup;
			children = (
				E9617A0319B7F95F000543D2 /* CAKeyframeAnimation+AHEasing.h */,
				E9617A0419B7F95F000543D2 /* CAKeyframeAnimation+AHEasing.m */,
				E9617A0519B7F95F000543D2 /* easing.c */,
				E9617A0619B7F95F000543D2 /* easing.h */,
			);
			name = Animation;
			sourceTree = "<group>";
		};
		E93AD96C19B30D2C0081259E /* Camera */ = {
			isa = PBXGroup;
			children = (
				E9617A2619B7FAAC000543D2 /* UIImage+UzysExtension.h */,
				E9617A2719B7FAAC000543D2 /* UIImage+UzysExtension.m */,
				E9617A2819B7FAAC000543D2 /* UzysAppearanceConfig.h */,
				E9617A2919B7FAAC000543D2 /* UzysAppearanceConfig.m */,
				E9617A2A19B7FAAC000543D2 /* UzysAssetPickerController.bundle */,
				E9617A2B19B7FAAC000543D2 /* UzysAssetsPickerController_Configuration.h */,
				E9617A2C19B7FAAC000543D2 /* UzysAssetsPickerController.h */,
				E9617A2D19B7FAAC000543D2 /* UzysAssetsPickerController.m */,
				E9617A2E19B7FAAC000543D2 /* UzysAssetsPickerController.xib */,
				E9617A2F19B7FAAC000543D2 /* UzysAssetsViewCell.h */,
				E9617A3019B7FAAC000543D2 /* UzysAssetsViewCell.m */,
				E9617A3119B7FAAC000543D2 /* UzysGroupPickerView.h */,
				E9617A3219B7FAAC000543D2 /* UzysGroupPickerView.m */,
				E9617A3319B7FAAC000543D2 /* UzysGroupPickerViewController.h */,
				E9617A3419B7FAAC000543D2 /* UzysGroupPickerViewController.m */,
				E9617A3519B7FAAC000543D2 /* UzysGroupViewCell.h */,
				E9617A3619B7FAAC000543D2 /* UzysGroupViewCell.m */,
				E9617A3719B7FAAC000543D2 /* UzysWrapperPickerController.h */,
				E9617A3819B7FAAC000543D2 /* UzysWrapperPickerController.m */,
			);
			name = Camera;
			sourceTree = "<group>";
		};
		E94BCC7119F0B232008F66D3 /* UmSDK */ = {
			isa = PBXGroup;
			children = (
				E94BCC7219F0B292008F66D3 /* libMobClickLibrary.a */,
				E94BCC7319F0B292008F66D3 /* MobClick.h */,
			);
			name = UmSDK;
			sourceTree = "<group>";
		};
		E9617A4319B81715000543D2 /* Photo */ = {
			isa = PBXGroup;
			children = (
				E9617A4419B81740000543D2 /* MBProgressHUD */,
				E9617A4A19B81740000543D2 /* MJPhotoBrowser */,
				E9617A5819B81740000543D2 /* SDWebImage */,
			);
			name = Photo;
			sourceTree = "<group>";
		};
		E9617A4419B81740000543D2 /* MBProgressHUD */ = {
			isa = PBXGroup;
			children = (
				E9617A4519B81740000543D2 /* MBProgressHUD+Add.h */,
				E9617A4619B81740000543D2 /* MBProgressHUD+Add.m */,
				E9617A4719B81740000543D2 /* MBProgressHUD.bundle */,
				E9617A4819B81740000543D2 /* MBProgressHUD.h */,
				E9617A4919B81740000543D2 /* MBProgressHUD.m */,
			);
			path = MBProgressHUD;
			sourceTree = "<group>";
		};
		E9617A4A19B81740000543D2 /* MJPhotoBrowser */ = {
			isa = PBXGroup;
			children = (
				E9617A4B19B81740000543D2 /* MJPhoto.h */,
				E9617A4C19B81740000543D2 /* MJPhoto.m */,
				E9617A4D19B81740000543D2 /* MJPhotoBrowser.bundle */,
				E9617A4E19B81740000543D2 /* MJPhotoBrowser.h */,
				E9617A4F19B81740000543D2 /* MJPhotoBrowser.m */,
				E9617A5019B81740000543D2 /* MJPhotoLoadingView.h */,
				E9617A5119B81740000543D2 /* MJPhotoLoadingView.m */,
				E9617A5219B81740000543D2 /* MJPhotoProgressView.h */,
				E9617A5319B81740000543D2 /* MJPhotoProgressView.m */,
				E9617A5419B81740000543D2 /* MJPhotoToolbar.h */,
				E9617A5519B81740000543D2 /* MJPhotoToolbar.m */,
				E9617A5619B81740000543D2 /* MJPhotoView.h */,
				E9617A5719B81740000543D2 /* MJPhotoView.m */,
			);
			path = MJPhotoBrowser;
			sourceTree = "<group>";
		};
		E9617A5819B81740000543D2 /* SDWebImage */ = {
			isa = PBXGroup;
			children = (
				E9617A5919B81740000543D2 /* MKAnnotationView+WebCache.h */,
				E9617A5A19B81740000543D2 /* MKAnnotationView+WebCache.m */,
				E9617A5B19B81740000543D2 /* NSData+GIF.h */,
				E9617A5C19B81740000543D2 /* NSData+GIF.m */,
				E9617A5D19B81740000543D2 /* SDImageCache.h */,
				E9617A5E19B81740000543D2 /* SDImageCache.m */,
				E9617A5F19B81740000543D2 /* SDWebImageCompat.h */,
				E9617A6019B81740000543D2 /* SDWebImageCompat.m */,
				E9617A6119B81740000543D2 /* SDWebImageDecoder.h */,
				E9617A6219B81740000543D2 /* SDWebImageDecoder.m */,
				E9617A6319B81740000543D2 /* SDWebImageDownloader.h */,
				E9617A6419B81740000543D2 /* SDWebImageDownloader.m */,
				E9617A6519B81740000543D2 /* SDWebImageDownloaderOperation.h */,
				E9617A6619B81740000543D2 /* SDWebImageDownloaderOperation.m */,
				E9617A6719B81740000543D2 /* SDWebImageManager+MJ.h */,
				E9617A6819B81740000543D2 /* SDWebImageManager+MJ.m */,
				E9617A6919B81740000543D2 /* SDWebImageManager.h */,
				E9617A6A19B81740000543D2 /* SDWebImageManager.m */,
				E9617A6B19B81740000543D2 /* SDWebImageOperation.h */,
				E9617A6C19B81740000543D2 /* SDWebImagePrefetcher.h */,
				E9617A6D19B81740000543D2 /* SDWebImagePrefetcher.m */,
				E9617A6E19B81740000543D2 /* UIButton+WebCache.h */,
				E9617A6F19B81740000543D2 /* UIButton+WebCache.m */,
				E9617A7019B81740000543D2 /* UIImage+GIF.h */,
				E9617A7119B81740000543D2 /* UIImage+GIF.m */,
				E9617A7219B81740000543D2 /* UIImage+MultiFormat.h */,
				E9617A7319B81740000543D2 /* UIImage+MultiFormat.m */,
				E9617A7419B81740000543D2 /* UIImage+WebP.h */,
				E9617A7519B81740000543D2 /* UIImage+WebP.m */,
				E9617A7619B81740000543D2 /* UIImageView+MJWebCache.h */,
				E9617A7719B81740000543D2 /* UIImageView+MJWebCache.m */,
				E9617A7819B81740000543D2 /* UIImageView+WebCache.h */,
				E9617A7919B81740000543D2 /* UIImageView+WebCache.m */,
			);
			path = SDWebImage;
			sourceTree = "<group>";
		};
		E968E26719AD9C2B00E2824E /* Resource */ = {
			isa = PBXGroup;
			children = (
				E9BCBCB419EFFA7F00236A0E /* Icon@2x.png */,
				E9BCBCB519EFFA7F00236A0E /* Icon.png */,
				E9BCBCB619EFFA7F00236A0E /* Icon-Small@2x.png */,
				E9BCBCB719EFFA7F00236A0E /* Icon-Small.png */,
				E9BCBCB819EFFA7F00236A0E /* Icon-Small-50@2x.png */,
				E9BCBCB919EFFA7F00236A0E /* Icon-Small-50.png */,
				E9BCBCBA19EFFA7F00236A0E /* Icon-72@2x.png */,
				E9BCBCBB19EFFA7F00236A0E /* Icon-72.png */,
				E9BCBCBC19EFFA7F00236A0E /* Icon-60@2x.png */,
				E9BCBCBD19EFFA7F00236A0E /* Icon-60.png */,
				E9BCBCBE19EFFA7F00236A0E /* iTunesArtwork@2x.png */,
				E9BCBCBF19EFFA7F00236A0E /* iTunesArtwork.png */,
				E95488D819E133E700CEAA12 /* Podfile */,
				E9B49D3819CAC59E00F6F562 /* background-gradient.png */,
				E9B49D3919CAC59E00F6F562 /* background-gradient@2x.png */,
				E9B49D3A19CAC59E00F6F562 /* button-background.png */,
				E9B49D3B19CAC59E00F6F562 /* button-background@2x.png */,
				E9B49D2E19CAC4D400F6F562 /* tutorial_background_00@2x.jpg */,
				E9B49D2F19CAC4D400F6F562 /* tutorial_background_01@2x.jpg */,
				E9B49D3019CAC4D400F6F562 /* tutorial_background_02@2x.jpg */,
				E9B49D3119CAC4D400F6F562 /* tutorial_background_03@2x.jpg */,
				E9B49D3219CAC4D400F6F562 /* tutorial_background_04@2x.jpg */,
			);
			name = Resource;
			sourceTree = "<group>";
		};
		E968E28019ADA11100E2824E /* Common */ = {
			isa = PBXGroup;
			children = (
				E968E28119ADA16200E2824E /* LuJieCommon.h */,
				E968E28219ADA16200E2824E /* LuJieCommon.m */,
				E9F9DC5519B708A000401C35 /* UIImageExt.h */,
				E9F9DC5619B708A000401C35 /* UIImageExt.m */,
			);
			name = Common;
			sourceTree = "<group>";
		};
		E976FBB319C9BED30019646A /* Circleimage */ = {
			isa = PBXGroup;
			children = (
				E976FBB419C9BF320019646A /* VPImageCropperViewController.h */,
				E976FBB519C9BF320019646A /* VPImageCropperViewController.m */,
			);
			name = Circleimage;
			sourceTree = "<group>";
		};
		E981F9C519AC323F007BD2DE = {
			isa = PBXGroup;
			children = (
				E94BCC7119F0B232008F66D3 /* UmSDK */,
				E92C576319D469F200B144F0 /* Upyun */,
				E9375F3C19D31B6C00053F0B /* MS */,
				E9B49D2719CAC49E00F6F562 /* Welcome */,
				E976FBB319C9BED30019646A /* Circleimage */,
				E911672F19BB107D007EA117 /* MJRefresh */,
				E9617A4319B81715000543D2 /* Photo */,
				E93AD96C19B30D2C0081259E /* Camera */,
				E93AD96419B2CD960081259E /* Animation */,
				E968E28019ADA11100E2824E /* Common */,
				E968E26719AD9C2B00E2824E /* Resource */,
				E981F9D719AC323F007BD2DE /* CheYou */,
				E981F9F619AC323F007BD2DE /* CheYouTests */,
				E981F9D019AC323F007BD2DE /* Frameworks */,
				E981F9CF19AC323F007BD2DE /* Products */,
				471523269218FE33E2D194F1 /* Pods */,
			);
			sourceTree = "<group>";
		};
		E981F9CF19AC323F007BD2DE /* Products */ = {
			isa = PBXGroup;
			children = (
				E981F9CE19AC323F007BD2DE /* CheYou.app */,
				E981F9EF19AC323F007BD2DE /* CheYouTests.xctest */,
			);
			name = Products;
			sourceTree = "<group>";
		};
		E981F9D019AC323F007BD2DE /* Frameworks */ = {
			isa = PBXGroup;
			children = (
				E94BCC7519F0B2BB008F66D3 /* libz.dylib */,
				E92C577819D46C8800B144F0 /* libPods.a */,
				E9375F4219D31D3600053F0B /* SystemConfiguration.framework */,
				E9375F4019D31D2400053F0B /* libz.1.2.5.dylib */,
				E93AD96219B2CCBB0081259E /* QuartzCore.framework */,
				E981F9D119AC323F007BD2DE /* Foundation.framework */,
				E981F9D319AC323F007BD2DE /* CoreGraphics.framework */,
				E981F9D519AC323F007BD2DE /* UIKit.framework */,
			);
			name = Frameworks;
			sourceTree = "<group>";
		};
		E981F9D719AC323F007BD2DE /* CheYou */ = {
			isa = PBXGroup;
			children = (
				E93648D719AF6C2200CE5542 /* TableCell */,
				E93648D319AF324700CE5542 /* Model */,
				E981F9E019AC323F007BD2DE /* CheYouAppDelegate.h */,
				E981F9E119AC323F007BD2DE /* CheYouAppDelegate.m */,
				E9ECC9AD19B0983400C894E5 /* CheYouTabBarViewController.h */,
				E9ECC9AE19B0983400C894E5 /* CheYouTabBarViewController.m */,
				E981F9E319AC323F007BD2DE /* Main.storyboard */,
				E981F9E619AC323F007BD2DE /* CheYouViewController.h */,
				E981F9E719AC323F007BD2DE /* CheYouViewController.m */,
				E9ECC9B219B0C0A400C894E5 /* CheYouPublishViewController.h */,
				E9ECC9B319B0C0A400C894E5 /* CheYouPublishViewController.m */,
				E94FC05219B0E60100392F33 /* CheYouFaXianViewController.h */,
				E94FC05319B0E60100392F33 /* CheYouFaXianViewController.m */,
				E964150F19B55D8900FD2A08 /* CheYouDucheViewController.h */,
				E964151019B55D8900FD2A08 /* CheYouDucheViewController.m */,
				E9045E7F19B636EB00292DA0 /* CheYouTieTaoViewController.h */,
				E9045E8019B636EB00292DA0 /* CheYouTieTaoViewController.m */,
				E99EE50A19BEE506004CBABA /* CheYouUserViewController.h */,
				E99EE50B19BEE506004CBABA /* CheYouUserViewController.m */,
				E99BBA9D19C0374200AF4C1B /* CheYouCommentViewController.h */,
				E99BBA9E19C0374200AF4C1B /* CheYouCommentViewController.m */,
				E95FDFF719C6AE3B007585AF /* CheYouPbCommentViewController.h */,
				E95FDFF819C6AE3B007585AF /* CheYouPbCommentViewController.m */,
				E978F85F19C91B8500436F09 /* CheYouSetViewController.h */,
				E978F86019C91B8500436F09 /* CheYouSetViewController.m */,
				E9BCBCCC19F00E4D00236A0E /* CheYouSuggestController.h */,
				E9BCBCCD19F00E4D00236A0E /* CheYouSuggestController.m */,
				E9BCBCCF19F0164200236A0E /* CheYouAboutController.h */,
				E9BCBCD019F0164200236A0E /* CheYouAboutController.m */,
				E978F86219C92E2F00436F09 /* CheYouGeRenViewController.h */,
				E978F86319C92E2F00436F09 /* CheYouGeRenViewController.m */,
				E953C5D719CC2DC100C0510F /* CheYouLoginViewController.h */,
				E953C5D819CC2DC100C0510F /* CheYouLoginViewController.m */,
				E953C5DA19CC43A900C0510F /* CheYouLoginCheckViewController.h */,
				E953C5DB19CC43A900C0510F /* CheYouLoginCheckViewController.m */,
				E97B2F2819CD188F00D902C0 /* CheYouRegisterViewController.h */,
				E97B2F2919CD188F00D902C0 /* CheYouRegisterViewController.m */,
				E97B2F2B19CD1D3E00D902C0 /* CheYouSetPwdViewController.h */,
				E97B2F2C19CD1D3E00D902C0 /* CheYouSetPwdViewController.m */,
				E97B2F2E19CD21C500D902C0 /* CheYouSetInfoViewController.h */,
				E97B2F2F19CD21C500D902C0 /* CheYouSetInfoViewController.m */,
				E93661D11A5E52BD00004F81 /* CheYouXieyiViewController.h */,
				E93661D21A5E52BD00004F81 /* CheYouXieyiViewController.m */,
				E981F9E919AC323F007BD2DE /* Images.xcassets */,
				E981F9D819AC323F007BD2DE /* Supporting Files */,
			);
			path = CheYou;
			sourceTree = "<group>";
		};
		E981F9D819AC323F007BD2DE /* Supporting Files */ = {
			isa = PBXGroup;
			children = (
				E97B2F3119CD721900D902C0 /* area.plist */,
				E981F9D919AC323F007BD2DE /* CheYou-Info.plist */,
				E981F9DA19AC323F007BD2DE /* InfoPlist.strings */,
				E981F9DD19AC323F007BD2DE /* main.m */,
				E981F9DF19AC323F007BD2DE /* CheYou-Prefix.pch */,
			);
			name = "Supporting Files";
			sourceTree = "<group>";
		};
		E981F9F619AC323F007BD2DE /* CheYouTests */ = {
			isa = PBXGroup;
			children = (
				E981F9FC19AC323F007BD2DE /* CheYouTests.m */,
				E981F9F719AC323F007BD2DE /* Supporting Files */,
			);
			path = CheYouTests;
			sourceTree = "<group>";
		};
		E981F9F719AC323F007BD2DE /* Supporting Files */ = {
			isa = PBXGroup;
			children = (
				E981F9F819AC323F007BD2DE /* CheYouTests-Info.plist */,
				E981F9F919AC323F007BD2DE /* InfoPlist.strings */,
			);
			name = "Supporting Files";
			sourceTree = "<group>";
		};
		E9B49D2719CAC49E00F6F562 /* Welcome */ = {
			isa = PBXGroup;
			children = (
				E97B2F2619CD094300D902C0 /* ICETutorialController_iPhone.xib */,
				E9B49D2819CAC4B700F6F562 /* ICETutorialPage.m */,
				E9B49D2919CAC4B700F6F562 /* ICETutorialController.h */,
				E9B49D2A19CAC4B700F6F562 /* ICETutorialController.m */,
				E9B49D2B19CAC4B700F6F562 /* ICETutorialPage.h */,
			);
			name = Welcome;
			sourceTree = "<group>";
		};
/* End PBXGroup section */

/* Begin PBXNativeTarget section */
		E981F9CD19AC323F007BD2DE /* CheYou */ = {
			isa = PBXNativeTarget;
			buildConfigurationList = E981FA0019AC323F007BD2DE /* Build configuration list for PBXNativeTarget "CheYou" */;
			buildPhases = (
				D2717A44BA8140CC9E2C5DE9 /* Check Pods Manifest.lock */,
				E981F9CA19AC323F007BD2DE /* Sources */,
				E981F9CB19AC323F007BD2DE /* Frameworks */,
				E981F9CC19AC323F007BD2DE /* Resources */,
				599B7C0EB4644E328CC77F3F /* Copy Pods Resources */,
			);
			buildRules = (
			);
			dependencies = (
			);
			name = CheYou;
			productName = CheYou;
			productReference = E981F9CE19AC323F007BD2DE /* CheYou.app */;
			productType = "com.apple.product-type.application";
		};
		E981F9EE19AC323F007BD2DE /* CheYouTests */ = {
			isa = PBXNativeTarget;
			buildConfigurationList = E981FA0319AC323F007BD2DE /* Build configuration list for PBXNativeTarget "CheYouTests" */;
			buildPhases = (
				E981F9EB19AC323F007BD2DE /* Sources */,
				E981F9EC19AC323F007BD2DE /* Frameworks */,
				E981F9ED19AC323F007BD2DE /* Resources */,
			);
			buildRules = (
			);
			dependencies = (
				E981F9F519AC323F007BD2DE /* PBXTargetDependency */,
			);
			name = CheYouTests;
			productName = CheYouTests;
			productReference = E981F9EF19AC323F007BD2DE /* CheYouTests.xctest */;
			productType = "com.apple.product-type.bundle.unit-test";
		};
/* End PBXNativeTarget section */

/* Begin PBXProject section */
		E981F9C619AC323F007BD2DE /* Project object */ = {
			isa = PBXProject;
			attributes = {
				CLASSPREFIX = CheYou;
				LastUpgradeCheck = 0510;
				ORGANIZATIONNAME = CheYou;
				TargetAttributes = {
					E981F9CD19AC323F007BD2DE = {
						DevelopmentTeam = QGNK59T56D;
					};
					E981F9EE19AC323F007BD2DE = {
						TestTargetID = E981F9CD19AC323F007BD2DE;
					};
				};
			};
			buildConfigurationList = E981F9C919AC323F007BD2DE /* Build configuration list for PBXProject "CheYou" */;
			compatibilityVersion = "Xcode 3.2";
			developmentRegion = English;
			hasScannedForEncodings = 0;
			knownRegions = (
				en,
				Base,
			);
			mainGroup = E981F9C519AC323F007BD2DE;
			productRefGroup = E981F9CF19AC323F007BD2DE /* Products */;
			projectDirPath = "";
			projectRoot = "";
			targets = (
				E981F9CD19AC323F007BD2DE /* CheYou */,
				E981F9EE19AC323F007BD2DE /* CheYouTests */,
			);
		};
/* End PBXProject section */

/* Begin PBXResourcesBuildPhase section */
		E981F9CC19AC323F007BD2DE /* Resources */ = {
			isa = PBXResourcesBuildPhase;
			buildActionMask = 2147483647;
			files = (
				E9B49D3419CAC4D400F6F562 /* tutorial_background_01@2x.jpg in Resources */,
				E911674019BB107D007EA117 /* MJRefresh.bundle in Resources */,
				E9B49D3F19CAC59E00F6F562 /* button-background@2x.png in Resources */,
				E9BCBCC319EFFA7F00236A0E /* Icon-Small.png in Resources */,
				E9B49D3D19CAC59E00F6F562 /* background-gradient@2x.png in Resources */,
				E9B49D3719CAC4D400F6F562 /* tutorial_background_04@2x.jpg in Resources */,
				E9BCBCCB19EFFA7F00236A0E /* iTunesArtwork.png in Resources */,
				E9BCBCC019EFFA7F00236A0E /* Icon@2x.png in Resources */,
				E9B49D3E19CAC59E00F6F562 /* button-background.png in Resources */,
				E981F9EA19AC323F007BD2DE /* Images.xcassets in Resources */,
				E981F9DC19AC323F007BD2DE /* InfoPlist.strings in Resources */,
				E9BCBCC919EFFA7F00236A0E /* Icon-60.png in Resources */,
				E9BCBCC119EFFA7F00236A0E /* Icon.png in Resources */,
				E9BCBCC819EFFA7F00236A0E /* Icon-60@2x.png in Resources */,
				E9B49D3319CAC4D400F6F562 /* tutorial_background_00@2x.jpg in Resources */,
				E9BCBCC519EFFA7F00236A0E /* Icon-Small-50.png in Resources */,
				E981F9E519AC323F007BD2DE /* Main.storyboard in Resources */,
				E9BCBCC619EFFA7F00236A0E /* Icon-72@2x.png in Resources */,
				E9617A3D19B7FAAC000543D2 /* UzysAssetsPickerController.xib in Resources */,
				E9BCBCC719EFFA7F00236A0E /* Icon-72.png in Resources */,
				E9BCBCCA19EFFA7F00236A0E /* iTunesArtwork@2x.png in Resources */,
				E9B49D3C19CAC59E00F6F562 /* background-gradient.png in Resources */,
				E9617A7B19B81740000543D2 /* MBProgressHUD.bundle in Resources */,
				E95488D919E133E700CEAA12 /* Podfile in Resources */,
				E9617A3B19B7FAAC000543D2 /* UzysAssetPickerController.bundle in Resources */,
				E97B2F2719CD094300D902C0 /* ICETutorialController_iPhone.xib in Resources */,
				E9617A7E19B81740000543D2 /* MJPhotoBrowser.bundle in Resources */,
				E9B49D3519CAC4D400F6F562 /* tutorial_background_02@2x.jpg in Resources */,
				E9B49D3619CAC4D400F6F562 /* tutorial_background_03@2x.jpg in Resources */,
				E9BCBCC419EFFA7F00236A0E /* Icon-Small-50@2x.png in Resources */,
				E9BCBCC219EFFA7F00236A0E /* Icon-Small@2x.png in Resources */,
				E97B2F3219CD721900D902C0 /* area.plist in Resources */,
			);
			runOnlyForDeploymentPostprocessing = 0;
		};
		E981F9ED19AC323F007BD2DE /* Resources */ = {
			isa = PBXResourcesBuildPhase;
			buildActionMask = 2147483647;
			files = (
				E981F9FB19AC323F007BD2DE /* InfoPlist.strings in Resources */,
			);
			runOnlyForDeploymentPostprocessing = 0;
		};
/* End PBXResourcesBuildPhase section */

/* Begin PBXShellScriptBuildPhase section */
		599B7C0EB4644E328CC77F3F /* Copy Pods Resources */ = {
			isa = PBXShellScriptBuildPhase;
			buildActionMask = 2147483647;
			files = (
			);
			inputPaths = (
			);
			name = "Copy Pods Resources";
			outputPaths = (
			);
			runOnlyForDeploymentPostprocessing = 0;
			shellPath = /bin/sh;
			shellScript = "\"${SRCROOT}/Pods/Target Support Files/Pods/Pods-resources.sh\"\n";
			showEnvVarsInLog = 0;
		};
		D2717A44BA8140CC9E2C5DE9 /* Check Pods Manifest.lock */ = {
			isa = PBXShellScriptBuildPhase;
			buildActionMask = 2147483647;
			files = (
			);
			inputPaths = (
			);
			name = "Check Pods Manifest.lock";
			outputPaths = (
			);
			runOnlyForDeploymentPostprocessing = 0;
			shellPath = /bin/sh;
			shellScript = "diff \"${PODS_ROOT}/../Podfile.lock\" \"${PODS_ROOT}/Manifest.lock\" > /dev/null\nif [[ $? != 0 ]] ; then\n    cat << EOM\nerror: The sandbox is not in sync with the Podfile.lock. Run 'pod install' or update your CocoaPods installation.\nEOM\n    exit 1\nfi\n";
			showEnvVarsInLog = 0;
		};
/* End PBXShellScriptBuildPhase section */

/* Begin PBXSourcesBuildPhase section */
		E981F9CA19AC323F007BD2DE /* Sources */ = {
			isa = PBXSourcesBuildPhase;
			buildActionMask = 2147483647;
			files = (
				E96AD82B19EEC0F200D62E50 /* PickerItem.m in Sources */,
				E92C577719D46AF200B144F0 /* NSData+Utils.m in Sources */,
				E9617A0819B7F95F000543D2 /* easing.c in Sources */,
				E9617A8D19B81740000543D2 /* SDWebImagePrefetcher.m in Sources */,
				E9617A8119B81740000543D2 /* MJPhotoProgressView.m in Sources */,
				E981F9DE19AC323F007BD2DE /* main.m in Sources */,
				E9617A8519B81740000543D2 /* NSData+GIF.m in Sources */,
				E9617A8A19B81740000543D2 /* SDWebImageDownloaderOperation.m in Sources */,
				E9617A3A19B7FAAC000543D2 /* UzysAppearanceConfig.m in Sources */,
				E97C562A19C53522003AB1B9 /* CheYouCommentTopViewCell.m in Sources */,
				E9BCBCD119F0164200236A0E /* CheYouAboutController.m in Sources */,
				E9617A9019B81740000543D2 /* UIImage+MultiFormat.m in Sources */,
				E964151119B55D8900FD2A08 /* CheYouDucheViewController.m in Sources */,
				E94FC05419B0E60100392F33 /* CheYouFaXianViewController.m in Sources */,
				E92C577619D46AF200B144F0 /* UpYun.m in Sources */,
				E97B4A1F19C7E317009B5E36 /* CheYouDianzanViewCell.m in Sources */,
				E9617A8819B81740000543D2 /* SDWebImageDecoder.m in Sources */,
				E9617A8619B81740000543D2 /* SDImageCache.m in Sources */,
				E9B49D2C19CAC4B700F6F562 /* ICETutorialPage.m in Sources */,
				E93648DA19AF6C6100CE5542 /* CheYouTuCaoTableViewCell.m in Sources */,
				E9617A8F19B81740000543D2 /* UIImage+GIF.m in Sources */,
				E99EE50C19BEE506004CBABA /* CheYouUserViewController.m in Sources */,
				E976FBB619C9BF320019646A /* VPImageCropperViewController.m in Sources */,
				E9045E8119B636EB00292DA0 /* CheYouTieTaoViewController.m in Sources */,
				E9521CF619DA6DE30058F36D /* PingLun.m in Sources */,
				E9BCBCCE19F00E4D00236A0E /* CheYouSuggestController.m in Sources */,
				E97B2F3019CD21C500D902C0 /* CheYouSetInfoViewController.m in Sources */,
				E9617A8219B81740000543D2 /* MJPhotoToolbar.m in Sources */,
				E978F86419C92E2F00436F09 /* CheYouGeRenViewController.m in Sources */,
				E9617A8719B81740000543D2 /* SDWebImageCompat.m in Sources */,
				E9617A7C19B81740000543D2 /* MBProgressHUD.m in Sources */,
				E9617A8319B81740000543D2 /* MJPhotoView.m in Sources */,
				E9617A4019B7FAAC000543D2 /* UzysGroupPickerViewController.m in Sources */,
				E97B2F2D19CD1D3E00D902C0 /* CheYouSetPwdViewController.m in Sources */,
				E9617A4119B7FAAC000543D2 /* UzysGroupViewCell.m in Sources */,
				E978F86119C91B8500436F09 /* CheYouSetViewController.m in Sources */,
				E9617A8C19B81740000543D2 /* SDWebImageManager.m in Sources */,
				E911674319BB107D007EA117 /* MJRefreshFooterView.m in Sources */,
				E981F9E219AC323F007BD2DE /* CheYouAppDelegate.m in Sources */,
				E9617A7D19B81740000543D2 /* MJPhoto.m in Sources */,
				E911674219BB107D007EA117 /* MJRefreshConst.m in Sources */,
				E982164C19B9A07000F088BB /* PRButton.m in Sources */,
				E9617A3919B7FAAC000543D2 /* UIImage+UzysExtension.m in Sources */,
				E9ECC9B419B0C0A400C894E5 /* CheYouPublishViewController.m in Sources */,
				E9617A8B19B81740000543D2 /* SDWebImageManager+MJ.m in Sources */,
				E9617A3E19B7FAAC000543D2 /* UzysAssetsViewCell.m in Sources */,
				E9617A3F19B7FAAC000543D2 /* UzysGroupPickerView.m in Sources */,
				E9617A8019B81740000543D2 /* MJPhotoLoadingView.m in Sources */,
				E93648D619AF336300CE5542 /* TuCao.m in Sources */,
				E9617A8419B81740000543D2 /* MKAnnotationView+WebCache.m in Sources */,
				E95FDFF919C6AE3B007585AF /* CheYouPbCommentViewController.m in Sources */,
				E9B49D2D19CAC4B700F6F562 /* ICETutorialController.m in Sources */,
				E968E28319ADA16200E2824E /* LuJieCommon.m in Sources */,
				E911674419BB107D007EA117 /* MJRefreshHeaderView.m in Sources */,
				E9617A4219B7FAAC000543D2 /* UzysWrapperPickerController.m in Sources */,
				E953C5D919CC2DC100C0510F /* CheYouLoginViewController.m in Sources */,
				E9617A8E19B81740000543D2 /* UIButton+WebCache.m in Sources */,
				E953C5DC19CC43A900C0510F /* CheYouLoginCheckViewController.m in Sources */,
				E9617A8919B81740000543D2 /* SDWebImageDownloader.m in Sources */,
				E911674619BB107D007EA117 /* UIScrollView+MJRefresh.m in Sources */,
				E911674519BB107D007EA117 /* UIScrollView+MJExtension.m in Sources */,
				E981F9E819AC323F007BD2DE /* CheYouViewController.m in Sources */,
				E97B2F2A19CD188F00D902C0 /* CheYouRegisterViewController.m in Sources */,
				E9F9DC5719B708A000401C35 /* UIImageExt.m in Sources */,
				E9617A9219B81740000543D2 /* UIImageView+MJWebCache.m in Sources */,
				E9617A0719B7F95F000543D2 /* CAKeyframeAnimation+AHEasing.m in Sources */,
				E9617A7F19B81740000543D2 /* MJPhotoBrowser.m in Sources */,
				E911674119BB107D007EA117 /* MJRefreshBaseView.m in Sources */,
				E9617A3C19B7FAAC000543D2 /* UzysAssetsPickerController.m in Sources */,
				E911674719BB107D007EA117 /* UIView+MJExtension.m in Sources */,
				E99BBAA419C18BBA00AF4C1B /* CheYouCommentViewCell.m in Sources */,
				E9617A7A19B81740000543D2 /* MBProgressHUD+Add.m in Sources */,
				E9ECC9B019B0983400C894E5 /* CheYouTabBarViewController.m in Sources */,
				E9617A9319B81740000543D2 /* UIImageView+WebCache.m in Sources */,
				E93661D31A5E52BD00004F81 /* CheYouXieyiViewController.m in Sources */,
				E9617A9119B81740000543D2 /* UIImage+WebP.m in Sources */,
				E99BBA9F19C0374200AF4C1B /* CheYouCommentViewController.m in Sources */,
			);
			runOnlyForDeploymentPostprocessing = 0;
		};
		E981F9EB19AC323F007BD2DE /* Sources */ = {
			isa = PBXSourcesBuildPhase;
			buildActionMask = 2147483647;
			files = (
				E981F9FD19AC323F007BD2DE /* CheYouTests.m in Sources */,
			);
			runOnlyForDeploymentPostprocessing = 0;
		};
/* End PBXSourcesBuildPhase section */

/* Begin PBXTargetDependency section */
		E981F9F519AC323F007BD2DE /* PBXTargetDependency */ = {
			isa = PBXTargetDependency;
			target = E981F9CD19AC323F007BD2DE /* CheYou */;
			targetProxy = E981F9F419AC323F007BD2DE /* PBXContainerItemProxy */;
		};
/* End PBXTargetDependency section */

/* Begin PBXVariantGroup section */
		E981F9DA19AC323F007BD2DE /* InfoPlist.strings */ = {
			isa = PBXVariantGroup;
			children = (
				E981F9DB19AC323F007BD2DE /* en */,
			);
			name = InfoPlist.strings;
			sourceTree = "<group>";
		};
		E981F9E319AC323F007BD2DE /* Main.storyboard */ = {
			isa = PBXVariantGroup;
			children = (
				E981F9E419AC323F007BD2DE /* Base */,
			);
			name = Main.storyboard;
			sourceTree = "<group>";
		};
		E981F9F919AC323F007BD2DE /* InfoPlist.strings */ = {
			isa = PBXVariantGroup;
			children = (
				E981F9FA19AC323F007BD2DE /* en */,
			);
			name = InfoPlist.strings;
			sourceTree = "<group>";
		};
/* End PBXVariantGroup section */

/* Begin XCBuildConfiguration section */
		E981F9FE19AC323F007BD2DE /* Debug */ = {
			isa = XCBuildConfiguration;
			buildSettings = {
				ALWAYS_SEARCH_USER_PATHS = NO;
				CLANG_CXX_LANGUAGE_STANDARD = "gnu++0x";
				CLANG_CXX_LIBRARY = "libc++";
				CLANG_ENABLE_MODULES = YES;
				CLANG_ENABLE_OBJC_ARC = YES;
				CLANG_WARN_BOOL_CONVERSION = YES;
				CLANG_WARN_CONSTANT_CONVERSION = YES;
				CLANG_WARN_DIRECT_OBJC_ISA_USAGE = YES_ERROR;
				CLANG_WARN_EMPTY_BODY = YES;
				CLANG_WARN_ENUM_CONVERSION = YES;
				CLANG_WARN_INT_CONVERSION = YES;
				CLANG_WARN_OBJC_ROOT_CLASS = YES_ERROR;
				CLANG_WARN__DUPLICATE_METHOD_MATCH = YES;
				"CODE_SIGN_IDENTITY[sdk=iphoneos*]" = "iPhone Developer";
				COPY_PHASE_STRIP = NO;
				GCC_C_LANGUAGE_STANDARD = gnu99;
				GCC_DYNAMIC_NO_PIC = NO;
				GCC_OPTIMIZATION_LEVEL = 0;
				GCC_PREPROCESSOR_DEFINITIONS = (
					"DEBUG=1",
					"$(inherited)",
				);
				GCC_SYMBOLS_PRIVATE_EXTERN = NO;
				GCC_WARN_64_TO_32_BIT_CONVERSION = YES;
				GCC_WARN_ABOUT_RETURN_TYPE = YES_ERROR;
				GCC_WARN_UNDECLARED_SELECTOR = YES;
				GCC_WARN_UNINITIALIZED_AUTOS = YES_AGGRESSIVE;
				GCC_WARN_UNUSED_FUNCTION = YES;
				GCC_WARN_UNUSED_VARIABLE = YES;
				IPHONEOS_DEPLOYMENT_TARGET = 7.0;
				ONLY_ACTIVE_ARCH = YES;
				SDKROOT = iphoneos;
			};
			name = Debug;
		};
		E981F9FF19AC323F007BD2DE /* Release */ = {
			isa = XCBuildConfiguration;
			buildSettings = {
				ALWAYS_SEARCH_USER_PATHS = NO;
				CLANG_CXX_LANGUAGE_STANDARD = "gnu++0x";
				CLANG_CXX_LIBRARY = "libc++";
				CLANG_ENABLE_MODULES = YES;
				CLANG_ENABLE_OBJC_ARC = YES;
				CLANG_WARN_BOOL_CONVERSION = YES;
				CLANG_WARN_CONSTANT_CONVERSION = YES;
				CLANG_WARN_DIRECT_OBJC_ISA_USAGE = YES_ERROR;
				CLANG_WARN_EMPTY_BODY = YES;
				CLANG_WARN_ENUM_CONVERSION = YES;
				CLANG_WARN_INT_CONVERSION = YES;
				CLANG_WARN_OBJC_ROOT_CLASS = YES_ERROR;
				CLANG_WARN__DUPLICATE_METHOD_MATCH = YES;
				"CODE_SIGN_IDENTITY[sdk=iphoneos*]" = "iPhone Developer";
				COPY_PHASE_STRIP = YES;
				ENABLE_NS_ASSERTIONS = NO;
				GCC_C_LANGUAGE_STANDARD = gnu99;
				GCC_WARN_64_TO_32_BIT_CONVERSION = YES;
				GCC_WARN_ABOUT_RETURN_TYPE = YES_ERROR;
				GCC_WARN_UNDECLARED_SELECTOR = YES;
				GCC_WARN_UNINITIALIZED_AUTOS = YES_AGGRESSIVE;
				GCC_WARN_UNUSED_FUNCTION = YES;
				GCC_WARN_UNUSED_VARIABLE = YES;
				IPHONEOS_DEPLOYMENT_TARGET = 7.0;
				SDKROOT = iphoneos;
				VALIDATE_PRODUCT = YES;
			};
			name = Release;
		};
		E981FA0119AC323F007BD2DE /* Debug */ = {
			isa = XCBuildConfiguration;
			baseConfigurationReference = B1B782DD7D212B245D6D6278 /* Pods.debug.xcconfig */;
			buildSettings = {
				ASSETCATALOG_COMPILER_APPICON_NAME = AppIcon;
				ASSETCATALOG_COMPILER_LAUNCHIMAGE_NAME = LaunchImage;
				CODE_SIGN_IDENTITY = "iPhone Developer";
				"CODE_SIGN_IDENTITY[sdk=iphoneos*]" = "iPhone Developer";
				GCC_PRECOMPILE_PREFIX_HEADER = YES;
				GCC_PREFIX_HEADER = "CheYou/CheYou-Prefix.pch";
				INFOPLIST_FILE = "CheYou/CheYou-Info.plist";
				IPHONEOS_DEPLOYMENT_TARGET = 7.0;
				LIBRARY_SEARCH_PATHS = (
					"$(inherited)",
					"$(PROJECT_DIR)",
					"$(PROJECT_DIR)/Pods/build/Debug-iphoneos",
				);
				PRODUCT_NAME = "$(TARGET_NAME)";
				PROVISIONING_PROFILE = "";
				WRAPPER_EXTENSION = app;
			};
			name = Debug;
		};
		E981FA0219AC323F007BD2DE /* Release */ = {
			isa = XCBuildConfiguration;
			baseConfigurationReference = 3D1D240AEA8F87D7242997B4 /* Pods.release.xcconfig */;
			buildSettings = {
				ASSETCATALOG_COMPILER_APPICON_NAME = AppIcon;
				ASSETCATALOG_COMPILER_LAUNCHIMAGE_NAME = LaunchImage;
				CODE_SIGN_IDENTITY = "iPhone Developer";
				"CODE_SIGN_IDENTITY[sdk=iphoneos*]" = "iPhone Developer";
				GCC_PRECOMPILE_PREFIX_HEADER = YES;
				GCC_PREFIX_HEADER = "CheYou/CheYou-Prefix.pch";
				INFOPLIST_FILE = "CheYou/CheYou-Info.plist";
				IPHONEOS_DEPLOYMENT_TARGET = 7.0;
				LIBRARY_SEARCH_PATHS = (
					"$(inherited)",
					"$(PROJECT_DIR)",
					"$(PROJECT_DIR)/Pods/build/Debug-iphoneos",
				);
				PRODUCT_NAME = "$(TARGET_NAME)";
				PROVISIONING_PROFILE = "";
				WRAPPER_EXTENSION = app;
			};
			name = Release;
		};
		E981FA0419AC323F007BD2DE /* Debug */ = {
			isa = XCBuildConfiguration;
			buildSettings = {
				BUNDLE_LOADER = "$(BUILT_PRODUCTS_DIR)/CheYou.app/CheYou";
				FRAMEWORK_SEARCH_PATHS = (
					"$(SDKROOT)/Developer/Library/Frameworks",
					"$(inherited)",
					"$(DEVELOPER_FRAMEWORKS_DIR)",
				);
				GCC_PRECOMPILE_PREFIX_HEADER = YES;
				GCC_PREFIX_HEADER = "CheYou/CheYou-Prefix.pch";
				GCC_PREPROCESSOR_DEFINITIONS = (
					"DEBUG=1",
					"$(inherited)",
				);
				INFOPLIST_FILE = "CheYouTests/CheYouTests-Info.plist";
				PRODUCT_NAME = "$(TARGET_NAME)";
				TEST_HOST = "$(BUNDLE_LOADER)";
				WRAPPER_EXTENSION = xctest;
			};
			name = Debug;
		};
		E981FA0519AC323F007BD2DE /* Release */ = {
			isa = XCBuildConfiguration;
			buildSettings = {
				BUNDLE_LOADER = "$(BUILT_PRODUCTS_DIR)/CheYou.app/CheYou";
				FRAMEWORK_SEARCH_PATHS = (
					"$(SDKROOT)/Developer/Library/Frameworks",
					"$(inherited)",
					"$(DEVELOPER_FRAMEWORKS_DIR)",
				);
				GCC_PRECOMPILE_PREFIX_HEADER = YES;
				GCC_PREFIX_HEADER = "CheYou/CheYou-Prefix.pch";
				INFOPLIST_FILE = "CheYouTests/CheYouTests-Info.plist";
				PRODUCT_NAME = "$(TARGET_NAME)";
				TEST_HOST = "$(BUNDLE_LOADER)";
				WRAPPER_EXTENSION = xctest;
			};
			name = Release;
		};
/* End XCBuildConfiguration section */

/* Begin XCConfigurationList section */
		E981F9C919AC323F007BD2DE /* Build configuration list for PBXProject "CheYou" */ = {
			isa = XCConfigurationList;
			buildConfigurations = (
				E981F9FE19AC323F007BD2DE /* Debug */,
				E981F9FF19AC323F007BD2DE /* Release */,
			);
			defaultConfigurationIsVisible = 0;
			defaultConfigurationName = Release;
		};
		E981FA0019AC323F007BD2DE /* Build configuration list for PBXNativeTarget "CheYou" */ = {
			isa = XCConfigurationList;
			buildConfigurations = (
				E981FA0119AC323F007BD2DE /* Debug */,
				E981FA0219AC323F007BD2DE /* Release */,
			);
			defaultConfigurationIsVisible = 0;
			defaultConfigurationName = Release;
		};
		E981FA0319AC323F007BD2DE /* Build configuration list for PBXNativeTarget "CheYouTests" */ = {
			isa = XCConfigurationList;
			buildConfigurations = (
				E981FA0419AC323F007BD2DE /* Debug */,
				E981FA0519AC323F007BD2DE /* Release */,
			);
			defaultConfigurationIsVisible = 0;
			defaultConfigurationName = Release;
		};
/* End XCConfigurationList section */
	};
	rootObject = E981F9C619AC323F007BD2DE /* Project object */;
}
